// !$*UTF8*$!
{
	archiveVersion = 1;
	classes = {
	};
	objectVersion = 46;
	objects = {

/* Begin PBXBuildFile section */
		3107E9D31733DD86007E8781 /* UIKit.framework in Frameworks */ = {isa = PBXBuildFile; fileRef = 3107E9D21733DD86007E8781 /* UIKit.framework */; };
		3107E9D51733DD86007E8781 /* Foundation.framework in Frameworks */ = {isa = PBXBuildFile; fileRef = 3107E9D41733DD86007E8781 /* Foundation.framework */; };
		3107E9D71733DD86007E8781 /* CoreGraphics.framework in Frameworks */ = {isa = PBXBuildFile; fileRef = 3107E9D61733DD86007E8781 /* CoreGraphics.framework */; };
		3107E9DD1733DD86007E8781 /* InfoPlist.strings in Resources */ = {isa = PBXBuildFile; fileRef = 3107E9DB1733DD86007E8781 /* InfoPlist.strings */; };
		3107E9DF1733DD86007E8781 /* main.m in Sources */ = {isa = PBXBuildFile; fileRef = 3107E9DE1733DD86007E8781 /* main.m */; };
		3107E9E51733DD86007E8781 /* Default.png in Resources */ = {isa = PBXBuildFile; fileRef = 3107E9E41733DD86007E8781 /* Default.png */; };
		3107E9E71733DD86007E8781 /* Default@2x.png in Resources */ = {isa = PBXBuildFile; fileRef = 3107E9E61733DD86007E8781 /* Default@2x.png */; };
		3107E9E91733DD86007E8781 /* Default-568h@2x.png in Resources */ = {isa = PBXBuildFile; fileRef = 3107E9E81733DD86007E8781 /* Default-568h@2x.png */; };
		3107E9EF1733DD86007E8781 /* EIViewController_iPhone.xib in Resources */ = {isa = PBXBuildFile; fileRef = 3107E9ED1733DD86007E8781 /* EIViewController_iPhone.xib */; };
		3107E9F21733DD86007E8781 /* EIViewController_iPad.xib in Resources */ = {isa = PBXBuildFile; fileRef = 3107E9F01733DD86007E8781 /* EIViewController_iPad.xib */; };
		3107EA021733DEFE007E8781 /* EIAppDelegate.m in Sources */ = {isa = PBXBuildFile; fileRef = 3107E9FB1733DEFE007E8781 /* EIAppDelegate.m */; };
		3107EA031733DEFE007E8781 /* EIViewController.m in Sources */ = {isa = PBXBuildFile; fileRef = 3107E9FE1733DEFE007E8781 /* EIViewController.m */; };
		3107EA091733E01B007E8781 /* GLView.m in Sources */ = {isa = PBXBuildFile; fileRef = 3107EA081733E01B007E8781 /* GLView.m */; };
		3107EA161733E036007E8781 /* GLRenderer.m in Sources */ = {isa = PBXBuildFile; fileRef = 3107EA0C1733E036007E8781 /* GLRenderer.m */; };
		3107EA191733E036007E8781 /* EITextureOldSchool.m in Sources */ = {isa = PBXBuildFile; fileRef = 3107EA131733E036007E8781 /* EITextureOldSchool.m */; };
		3107EA721733E051007E8781 /* candycane_scalar_disk.png in Resources */ = {isa = PBXBuildFile; fileRef = 3107EA3C1733E051007E8781 /* candycane_scalar_disk.png */; };
		3107EA731733E051007E8781 /* diagnostic.png in Resources */ = {isa = PBXBuildFile; fileRef = 3107EA3D1733E051007E8781 /* diagnostic.png */; };
		3107EA741733E051007E8781 /* dylan.png in Resources */ = {isa = PBXBuildFile; fileRef = 3107EA3E1733E051007E8781 /* dylan.png */; };
		3107EA751733E051007E8781 /* lena.png in Resources */ = {isa = PBXBuildFile; fileRef = 3107EA3F1733E051007E8781 /* lena.png */; };
		3107EA851733E051007E8781 /* twitter_fail_whale.png in Resources */ = {isa = PBXBuildFile; fileRef = 3107EA521733E051007E8781 /* twitter_fail_whale.png */; };
		3107EA861733E051007E8781 /* twitter_fail_whale_red_channnel_knockout.png in Resources */ = {isa = PBXBuildFile; fileRef = 3107EA531733E051007E8781 /* twitter_fail_whale_red_channnel_knockout.png */; };
		3107EA881733E0DE007E8781 /* QuartzCore.framework in Frameworks */ = {isa = PBXBuildFile; fileRef = 3107EA871733E0DE007E8781 /* QuartzCore.framework */; };
		3107EA8A1733E0F3007E8781 /* OpenGLES.framework in Frameworks */ = {isa = PBXBuildFile; fileRef = 3107EA891733E0F3007E8781 /* OpenGLES.framework */; };
		3114349C1785FD7A00CCA0EC /* Brick.png in Resources */ = {isa = PBXBuildFile; fileRef = 311434981785FD7A00CCA0EC /* Brick.png */; };
		3114349D1785FD7A00CCA0EC /* mandrill.png in Resources */ = {isa = PBXBuildFile; fileRef = 311434991785FD7A00CCA0EC /* mandrill.png */; };
		3114349E1785FD7A00CCA0EC /* orientation.png in Resources */ = {isa = PBXBuildFile; fileRef = 3114349A1785FD7A00CCA0EC /* orientation.png */; };
		3114349F1785FD7A00CCA0EC /* swirl.png in Resources */ = {isa = PBXBuildFile; fileRef = 3114349B1785FD7A00CCA0EC /* swirl.png */; };
		318CA484178605D3000C0253 /* FBOTextureTargetRenderer.m in Sources */ = {isa = PBXBuildFile; fileRef = 318CA481178605D3000C0253 /* FBOTextureTargetRenderer.m */; };
		318CA485178605D3000C0253 /* FBOTextureTarget.m in Sources */ = {isa = PBXBuildFile; fileRef = 318CA483178605D3000C0253 /* FBOTextureTarget.m */; };
		318CA4881786066E000C0253 /* EIQuad.m in Sources */ = {isa = PBXBuildFile; fileRef = 318CA4871786066E000C0253 /* EIQuad.m */; };
		318CA48E17860952000C0253 /* EISGLUtils.m in Sources */ = {isa = PBXBuildFile; fileRef = 318CA48C17860952000C0253 /* EISGLUtils.m */; };
		318CA49917860F82000C0253 /* EISRendererHelper.m in Sources */ = {isa = PBXBuildFile; fileRef = 318CA49517860F82000C0253 /* EISRendererHelper.m */; };
		318CA49A17860F82000C0253 /* EISVectorMatrix.cpp in Sources */ = {isa = PBXBuildFile; fileRef = 318CA49717860F82000C0253 /* EISVectorMatrix.cpp */; };
		3199A8501734525400873A93 /* Icon-72.png in Resources */ = {isa = PBXBuildFile; fileRef = 3199A8481734525400873A93 /* Icon-72.png */; };
		3199A8511734525400873A93 /* Icon-Small-50.png in Resources */ = {isa = PBXBuildFile; fileRef = 3199A8491734525400873A93 /* Icon-Small-50.png */; };
		3199A8521734525400873A93 /* Icon-Small.png in Resources */ = {isa = PBXBuildFile; fileRef = 3199A84A1734525400873A93 /* Icon-Small.png */; };
		3199A8531734525400873A93 /* Icon-Small@2x.png in Resources */ = {isa = PBXBuildFile; fileRef = 3199A84B1734525400873A93 /* Icon-Small@2x.png */; };
		3199A8541734525400873A93 /* Icon.png in Resources */ = {isa = PBXBuildFile; fileRef = 3199A84C1734525400873A93 /* Icon.png */; };
		3199A8561734525400873A93 /* Icon@2x.png in Resources */ = {isa = PBXBuildFile; fileRef = 3199A84E1734525400873A93 /* Icon@2x.png */; };
		3199A8571734525400873A93 /* iTunesArtwork in Resources */ = {isa = PBXBuildFile; fileRef = 3199A84F1734525400873A93 /* iTunesArtwork */; };
		31A44501178AE0C5004858A6 /* EISGaussianBlurEastWest.fsh in Resources */ = {isa = PBXBuildFile; fileRef = 31A444F5178AE0C5004858A6 /* EISGaussianBlurEastWest.fsh */; };
		31A44502178AE0C5004858A6 /* EISGaussianBlurEastWest.vsh in Resources */ = {isa = PBXBuildFile; fileRef = 31A444F6178AE0C5004858A6 /* EISGaussianBlurEastWest.vsh */; };
		31A44503178AE0C5004858A6 /* EISGaussianBlurNorthSouth.fsh in Resources */ = {isa = PBXBuildFile; fileRef = 31A444F7178AE0C5004858A6 /* EISGaussianBlurNorthSouth.fsh */; };
		31A44504178AE0C5004858A6 /* EISGaussianBlurNorthSouth.vsh in Resources */ = {isa = PBXBuildFile; fileRef = 31A444F8178AE0C5004858A6 /* EISGaussianBlurNorthSouth.vsh */; };
		31A44505178AE0C5004858A6 /* EISShowShader.fsh in Resources */ = {isa = PBXBuildFile; fileRef = 31A444F9178AE0C5004858A6 /* EISShowShader.fsh */; };
		31A44506178AE0C5004858A6 /* EISShowShader.vsh in Resources */ = {isa = PBXBuildFile; fileRef = 31A444FA178AE0C5004858A6 /* EISShowShader.vsh */; };
		31A44507178AE0C5004858A6 /* EISShowST.fsh in Resources */ = {isa = PBXBuildFile; fileRef = 31A444FB178AE0C5004858A6 /* EISShowST.fsh */; };
		31A44508178AE0C5004858A6 /* EISShowST.vsh in Resources */ = {isa = PBXBuildFile; fileRef = 31A444FC178AE0C5004858A6 /* EISShowST.vsh */; };
		31A44509178AE0C5004858A6 /* EISTexturePairShader.fsh in Resources */ = {isa = PBXBuildFile; fileRef = 31A444FD178AE0C5004858A6 /* EISTexturePairShader.fsh */; };
		31A4450A178AE0C5004858A6 /* EISTexturePairShader.vsh in Resources */ = {isa = PBXBuildFile; fileRef = 31A444FE178AE0C5004858A6 /* EISTexturePairShader.vsh */; };
		31A4450B178AE0C5004858A6 /* EISTextureShader.fsh in Resources */ = {isa = PBXBuildFile; fileRef = 31A444FF178AE0C5004858A6 /* EISTextureShader.fsh */; };
		31A4450C178AE0C5004858A6 /* EISTextureShader.vsh in Resources */ = {isa = PBXBuildFile; fileRef = 31A44500178AE0C5004858A6 /* EISTextureShader.vsh */; };
		CC9866533DE8C5125E1EC07C /* EIShaderManager.m in Sources */ = {isa = PBXBuildFile; fileRef = CC98644C4137B98577C68B22 /* EIShaderManager.m */; };
		CC986DB8B9E6726F30A25BE0 /* EIShader.m in Sources */ = {isa = PBXBuildFile; fileRef = CC986E7BED40E90B7E440413 /* EIShader.m */; };
/* End PBXBuildFile section */

/* Begin PBXFileReference section */
		3107E9CF1733DD86007E8781 /* HelloShader.app */ = {isa = PBXFileReference; explicitFileType = wrapper.application; includeInIndex = 0; path = HelloShader.app; sourceTree = BUILT_PRODUCTS_DIR; };
		3107E9D21733DD86007E8781 /* UIKit.framework */ = {isa = PBXFileReference; lastKnownFileType = wrapper.framework; name = UIKit.framework; path = System/Library/Frameworks/UIKit.framework; sourceTree = SDKROOT; };
		3107E9D41733DD86007E8781 /* Foundation.framework */ = {isa = PBXFileReference; lastKnownFileType = wrapper.framework; name = Foundation.framework; path = System/Library/Frameworks/Foundation.framework; sourceTree = SDKROOT; };
		3107E9D61733DD86007E8781 /* CoreGraphics.framework */ = {isa = PBXFileReference; lastKnownFileType = wrapper.framework; name = CoreGraphics.framework; path = System/Library/Frameworks/CoreGraphics.framework; sourceTree = SDKROOT; };
		3107E9DA1733DD86007E8781 /* HelloShader-Info.plist */ = {isa = PBXFileReference; lastKnownFileType = text.plist.xml; path = "HelloShader-Info.plist"; sourceTree = "<group>"; };
		3107E9DC1733DD86007E8781 /* en */ = {isa = PBXFileReference; lastKnownFileType = text.plist.strings; name = en; path = en.lproj/InfoPlist.strings; sourceTree = "<group>"; };
		3107E9DE1733DD86007E8781 /* main.m */ = {isa = PBXFileReference; lastKnownFileType = sourcecode.c.objc; path = main.m; sourceTree = "<group>"; };
		3107E9E01733DD86007E8781 /* HelloShader-Prefix.pch */ = {isa = PBXFileReference; lastKnownFileType = sourcecode.c.h; path = "HelloShader-Prefix.pch"; sourceTree = "<group>"; };
		3107E9E41733DD86007E8781 /* Default.png */ = {isa = PBXFileReference; lastKnownFileType = image.png; path = Default.png; sourceTree = "<group>"; };
		3107E9E61733DD86007E8781 /* Default@2x.png */ = {isa = PBXFileReference; lastKnownFileType = image.png; path = "Default@2x.png"; sourceTree = "<group>"; };
		3107E9E81733DD86007E8781 /* Default-568h@2x.png */ = {isa = PBXFileReference; lastKnownFileType = image.png; path = "Default-568h@2x.png"; sourceTree = "<group>"; };
		3107E9EE1733DD86007E8781 /* en */ = {isa = PBXFileReference; lastKnownFileType = file.xib; name = en; path = en.lproj/EIViewController_iPhone.xib; sourceTree = "<group>"; };
		3107E9F11733DD86007E8781 /* en */ = {isa = PBXFileReference; lastKnownFileType = file.xib; name = en; path = en.lproj/EIViewController_iPad.xib; sourceTree = "<group>"; };
		3107E9FA1733DEFE007E8781 /* EIAppDelegate.h */ = {isa = PBXFileReference; fileEncoding = 4; lastKnownFileType = sourcecode.c.h; path = EIAppDelegate.h; sourceTree = "<group>"; };
		3107E9FB1733DEFE007E8781 /* EIAppDelegate.m */ = {isa = PBXFileReference; fileEncoding = 4; lastKnownFileType = sourcecode.c.objc; path = EIAppDelegate.m; sourceTree = "<group>"; };
		3107E9FD1733DEFE007E8781 /* EIViewController.h */ = {isa = PBXFileReference; fileEncoding = 4; lastKnownFileType = sourcecode.c.h; path = EIViewController.h; sourceTree = "<group>"; };
		3107E9FE1733DEFE007E8781 /* EIViewController.m */ = {isa = PBXFileReference; fileEncoding = 4; lastKnownFileType = sourcecode.c.objc; path = EIViewController.m; sourceTree = "<group>"; };
		3107EA071733E01B007E8781 /* GLView.h */ = {isa = PBXFileReference; fileEncoding = 4; lastKnownFileType = sourcecode.c.h; path = GLView.h; sourceTree = "<group>"; };
		3107EA081733E01B007E8781 /* GLView.m */ = {isa = PBXFileReference; fileEncoding = 4; lastKnownFileType = sourcecode.c.objc; path = GLView.m; sourceTree = "<group>"; };
		3107EA0A1733E028007E8781 /* ConstantsAndMacros.h */ = {isa = PBXFileReference; fileEncoding = 4; lastKnownFileType = sourcecode.c.h; path = ConstantsAndMacros.h; sourceTree = "<group>"; };
		3107EA0B1733E036007E8781 /* GLRenderer.h */ = {isa = PBXFileReference; fileEncoding = 4; lastKnownFileType = sourcecode.c.h; path = GLRenderer.h; sourceTree = "<group>"; };
		3107EA0C1733E036007E8781 /* GLRenderer.m */ = {isa = PBXFileReference; fileEncoding = 4; lastKnownFileType = sourcecode.c.objc; path = GLRenderer.m; sourceTree = "<group>"; };
		3107EA121733E036007E8781 /* EITextureOldSchool.h */ = {isa = PBXFileReference; fileEncoding = 4; lastKnownFileType = sourcecode.c.h; path = EITextureOldSchool.h; sourceTree = "<group>"; };
		3107EA131733E036007E8781 /* EITextureOldSchool.m */ = {isa = PBXFileReference; fileEncoding = 4; lastKnownFileType = sourcecode.c.objc; path = EITextureOldSchool.m; sourceTree = "<group>"; };
		3107EA3C1733E051007E8781 /* candycane_scalar_disk.png */ = {isa = PBXFileReference; lastKnownFileType = image.png; path = candycane_scalar_disk.png; sourceTree = "<group>"; };
		3107EA3D1733E051007E8781 /* diagnostic.png */ = {isa = PBXFileReference; lastKnownFileType = image.png; path = diagnostic.png; sourceTree = "<group>"; };
		3107EA3E1733E051007E8781 /* dylan.png */ = {isa = PBXFileReference; lastKnownFileType = image.png; path = dylan.png; sourceTree = "<group>"; };
		3107EA3F1733E051007E8781 /* lena.png */ = {isa = PBXFileReference; lastKnownFileType = image.png; path = lena.png; sourceTree = "<group>"; };
		3107EA521733E051007E8781 /* twitter_fail_whale.png */ = {isa = PBXFileReference; lastKnownFileType = image.png; path = twitter_fail_whale.png; sourceTree = "<group>"; };
		3107EA531733E051007E8781 /* twitter_fail_whale_red_channnel_knockout.png */ = {isa = PBXFileReference; lastKnownFileType = image.png; path = twitter_fail_whale_red_channnel_knockout.png; sourceTree = "<group>"; };
		3107EA871733E0DE007E8781 /* QuartzCore.framework */ = {isa = PBXFileReference; lastKnownFileType = wrapper.framework; name = QuartzCore.framework; path = System/Library/Frameworks/QuartzCore.framework; sourceTree = SDKROOT; };
		3107EA891733E0F3007E8781 /* OpenGLES.framework */ = {isa = PBXFileReference; lastKnownFileType = wrapper.framework; name = OpenGLES.framework; path = System/Library/Frameworks/OpenGLES.framework; sourceTree = SDKROOT; };
		311434981785FD7A00CCA0EC /* Brick.png */ = {isa = PBXFileReference; lastKnownFileType = image.png; path = Brick.png; sourceTree = "<group>"; };
		311434991785FD7A00CCA0EC /* mandrill.png */ = {isa = PBXFileReference; lastKnownFileType = image.png; path = mandrill.png; sourceTree = "<group>"; };
		3114349A1785FD7A00CCA0EC /* orientation.png */ = {isa = PBXFileReference; lastKnownFileType = image.png; path = orientation.png; sourceTree = "<group>"; };
		3114349B1785FD7A00CCA0EC /* swirl.png */ = {isa = PBXFileReference; lastKnownFileType = image.png; path = swirl.png; sourceTree = "<group>"; };
		318CA480178605D3000C0253 /* FBOTextureTargetRenderer.h */ = {isa = PBXFileReference; fileEncoding = 4; lastKnownFileType = sourcecode.c.h; path = FBOTextureTargetRenderer.h; sourceTree = "<group>"; };
		318CA481178605D3000C0253 /* FBOTextureTargetRenderer.m */ = {isa = PBXFileReference; fileEncoding = 4; lastKnownFileType = sourcecode.c.objc; path = FBOTextureTargetRenderer.m; sourceTree = "<group>"; };
		318CA482178605D3000C0253 /* FBOTextureTarget.h */ = {isa = PBXFileReference; fileEncoding = 4; lastKnownFileType = sourcecode.c.h; path = FBOTextureTarget.h; sourceTree = "<group>"; };
		318CA483178605D3000C0253 /* FBOTextureTarget.m */ = {isa = PBXFileReference; fileEncoding = 4; lastKnownFileType = sourcecode.c.objc; path = FBOTextureTarget.m; sourceTree = "<group>"; };
		318CA4861786066E000C0253 /* EIQuad.h */ = {isa = PBXFileReference; fileEncoding = 4; lastKnownFileType = sourcecode.c.h; path = EIQuad.h; sourceTree = "<group>"; };
		318CA4871786066E000C0253 /* EIQuad.m */ = {isa = PBXFileReference; fileEncoding = 4; lastKnownFileType = sourcecode.c.objc; path = EIQuad.m; sourceTree = "<group>"; };
		318CA48C17860952000C0253 /* EISGLUtils.m */ = {isa = PBXFileReference; fileEncoding = 4; lastKnownFileType = sourcecode.c.objc; path = EISGLUtils.m; sourceTree = "<group>"; };
		318CA48D17860952000C0253 /* EISGLUtils.h */ = {isa = PBXFileReference; fileEncoding = 4; lastKnownFileType = sourcecode.c.h; path = EISGLUtils.h; sourceTree = "<group>"; };
		318CA49517860F82000C0253 /* EISRendererHelper.m */ = {isa = PBXFileReference; fileEncoding = 4; lastKnownFileType = sourcecode.c.objc; path = EISRendererHelper.m; sourceTree = "<group>"; };
		318CA49617860F82000C0253 /* EISRendererHelper.h */ = {isa = PBXFileReference; fileEncoding = 4; lastKnownFileType = sourcecode.c.h; path = EISRendererHelper.h; sourceTree = "<group>"; };
		318CA49717860F82000C0253 /* EISVectorMatrix.cpp */ = {isa = PBXFileReference; fileEncoding = 4; lastKnownFileType = sourcecode.cpp.cpp; path = EISVectorMatrix.cpp; sourceTree = "<group>"; };
		318CA49817860F82000C0253 /* EISVectorMatrix.h */ = {isa = PBXFileReference; fileEncoding = 4; lastKnownFileType = sourcecode.c.h; path = EISVectorMatrix.h; sourceTree = "<group>"; };
		3199A8481734525400873A93 /* Icon-72.png */ = {isa = PBXFileReference; lastKnownFileType = image.png; path = "Icon-72.png"; sourceTree = "<group>"; };
		3199A8491734525400873A93 /* Icon-Small-50.png */ = {isa = PBXFileReference; lastKnownFileType = image.png; path = "Icon-Small-50.png"; sourceTree = "<group>"; };
		3199A84A1734525400873A93 /* Icon-Small.png */ = {isa = PBXFileReference; lastKnownFileType = image.png; path = "Icon-Small.png"; sourceTree = "<group>"; };
		3199A84B1734525400873A93 /* Icon-Small@2x.png */ = {isa = PBXFileReference; lastKnownFileType = image.png; path = "Icon-Small@2x.png"; sourceTree = "<group>"; };
		3199A84C1734525400873A93 /* Icon.png */ = {isa = PBXFileReference; lastKnownFileType = image.png; path = Icon.png; sourceTree = "<group>"; };
		3199A84E1734525400873A93 /* Icon@2x.png */ = {isa = PBXFileReference; lastKnownFileType = image.png; path = "Icon@2x.png"; sourceTree = "<group>"; };
		3199A84F1734525400873A93 /* iTunesArtwork */ = {isa = PBXFileReference; lastKnownFileType = file; path = iTunesArtwork; sourceTree = "<group>"; };
		31A444F5178AE0C5004858A6 /* EISGaussianBlurEastWest.fsh */ = {isa = PBXFileReference; fileEncoding = 4; lastKnownFileType = sourcecode.glsl; path = EISGaussianBlurEastWest.fsh; sourceTree = "<group>"; };
		31A444F6178AE0C5004858A6 /* EISGaussianBlurEastWest.vsh */ = {isa = PBXFileReference; fileEncoding = 4; lastKnownFileType = sourcecode.glsl; path = EISGaussianBlurEastWest.vsh; sourceTree = "<group>"; };
		31A444F7178AE0C5004858A6 /* EISGaussianBlurNorthSouth.fsh */ = {isa = PBXFileReference; fileEncoding = 4; lastKnownFileType = sourcecode.glsl; path = EISGaussianBlurNorthSouth.fsh; sourceTree = "<group>"; };
		31A444F8178AE0C5004858A6 /* EISGaussianBlurNorthSouth.vsh */ = {isa = PBXFileReference; fileEncoding = 4; lastKnownFileType = sourcecode.glsl; path = EISGaussianBlurNorthSouth.vsh; sourceTree = "<group>"; };
		31A444F9178AE0C5004858A6 /* EISShowShader.fsh */ = {isa = PBXFileReference; fileEncoding = 4; lastKnownFileType = sourcecode.glsl; path = EISShowShader.fsh; sourceTree = "<group>"; };
		31A444FA178AE0C5004858A6 /* EISShowShader.vsh */ = {isa = PBXFileReference; fileEncoding = 4; lastKnownFileType = sourcecode.glsl; path = EISShowShader.vsh; sourceTree = "<group>"; };
		31A444FB178AE0C5004858A6 /* EISShowST.fsh */ = {isa = PBXFileReference; fileEncoding = 4; lastKnownFileType = sourcecode.glsl; path = EISShowST.fsh; sourceTree = "<group>"; };
		31A444FC178AE0C5004858A6 /* EISShowST.vsh */ = {isa = PBXFileReference; fileEncoding = 4; lastKnownFileType = sourcecode.glsl; path = EISShowST.vsh; sourceTree = "<group>"; };
		31A444FD178AE0C5004858A6 /* EISTexturePairShader.fsh */ = {isa = PBXFileReference; fileEncoding = 4; lastKnownFileType = sourcecode.glsl; path = EISTexturePairShader.fsh; sourceTree = "<group>"; };
		31A444FE178AE0C5004858A6 /* EISTexturePairShader.vsh */ = {isa = PBXFileReference; fileEncoding = 4; lastKnownFileType = sourcecode.glsl; path = EISTexturePairShader.vsh; sourceTree = "<group>"; };
		31A444FF178AE0C5004858A6 /* EISTextureShader.fsh */ = {isa = PBXFileReference; fileEncoding = 4; lastKnownFileType = sourcecode.glsl; path = EISTextureShader.fsh; sourceTree = "<group>"; };
		31A44500178AE0C5004858A6 /* EISTextureShader.vsh */ = {isa = PBXFileReference; fileEncoding = 4; lastKnownFileType = sourcecode.glsl; path = EISTextureShader.vsh; sourceTree = "<group>"; };
		31EA2CE617343C6A00B01CF6 /* Logging.h */ = {isa = PBXFileReference; fileEncoding = 4; lastKnownFileType = sourcecode.c.h; path = Logging.h; sourceTree = "<group>"; };
		CC98635A931F2B4755720654 /* EIShaderManager.h */ = {isa = PBXFileReference; fileEncoding = 4; lastKnownFileType = sourcecode.c.h; path = EIShaderManager.h; sourceTree = "<group>"; };
		CC98644C4137B98577C68B22 /* EIShaderManager.m */ = {isa = PBXFileReference; fileEncoding = 4; lastKnownFileType = sourcecode.c.objc; path = EIShaderManager.m; sourceTree = "<group>"; };
		CC986E7BED40E90B7E440413 /* EIShader.m */ = {isa = PBXFileReference; fileEncoding = 4; lastKnownFileType = sourcecode.c.objc; path = EIShader.m; sourceTree = "<group>"; };
		CC986F82706A81C8F97C6FE3 /* EIShader.h */ = {isa = PBXFileReference; fileEncoding = 4; lastKnownFileType = sourcecode.c.h; path = EIShader.h; sourceTree = "<group>"; };
/* End PBXFileReference section */

/* Begin PBXFrameworksBuildPhase section */
		3107E9CC1733DD86007E8781 /* Frameworks */ = {
			isa = PBXFrameworksBuildPhase;
			buildActionMask = 2147483647;
			files = (
				3107EA8A1733E0F3007E8781 /* OpenGLES.framework in Frameworks */,
				3107EA881733E0DE007E8781 /* QuartzCore.framework in Frameworks */,
				3107E9D31733DD86007E8781 /* UIKit.framework in Frameworks */,
				3107E9D51733DD86007E8781 /* Foundation.framework in Frameworks */,
				3107E9D71733DD86007E8781 /* CoreGraphics.framework in Frameworks */,
			);
			runOnlyForDeploymentPostprocessing = 0;
		};
/* End PBXFrameworksBuildPhase section */

/* Begin PBXGroup section */
		3107E9C61733DD85007E8781 = {
			isa = PBXGroup;
			children = (
				3107E9D81733DD86007E8781 /* HelloShader */,
				3107E9D11733DD86007E8781 /* Frameworks */,
				3107E9D01733DD86007E8781 /* Products */,
			);
			sourceTree = "<group>";
		};
		3107E9D01733DD86007E8781 /* Products */ = {
			isa = PBXGroup;
			children = (
				3107E9CF1733DD86007E8781 /* HelloShader.app */,
			);
			name = Products;
			sourceTree = "<group>";
		};
		3107E9D11733DD86007E8781 /* Frameworks */ = {
			isa = PBXGroup;
			children = (
				3107EA891733E0F3007E8781 /* OpenGLES.framework */,
				3107EA871733E0DE007E8781 /* QuartzCore.framework */,
				3107E9D21733DD86007E8781 /* UIKit.framework */,
				3107E9D41733DD86007E8781 /* Foundation.framework */,
				3107E9D61733DD86007E8781 /* CoreGraphics.framework */,
			);
			name = Frameworks;
			sourceTree = "<group>";
		};
		3107E9D81733DD86007E8781 /* HelloShader */ = {
			isa = PBXGroup;
			children = (
				3199A8471734525400873A93 /* Icons */,
				3107E9F81733DEFE007E8781 /* Classes */,
				3107EA341733E051007E8781 /* Textures */,
				31A444F4178AE0C5004858A6 /* Shaders */,
				3107E9ED1733DD86007E8781 /* EIViewController_iPhone.xib */,
				3107E9F01733DD86007E8781 /* EIViewController_iPad.xib */,
				3107E9D91733DD86007E8781 /* Supporting Files */,
			);
			path = HelloShader;
			sourceTree = "<group>";
		};
		3107E9D91733DD86007E8781 /* Supporting Files */ = {
			isa = PBXGroup;
			children = (
				3107E9DA1733DD86007E8781 /* HelloShader-Info.plist */,
				3107E9DB1733DD86007E8781 /* InfoPlist.strings */,
				3107E9DE1733DD86007E8781 /* main.m */,
				3107E9E01733DD86007E8781 /* HelloShader-Prefix.pch */,
				3107E9E41733DD86007E8781 /* Default.png */,
				3107E9E61733DD86007E8781 /* Default@2x.png */,
				3107E9E81733DD86007E8781 /* Default-568h@2x.png */,
			);
			name = "Supporting Files";
			sourceTree = "<group>";
		};
		3107E9F81733DEFE007E8781 /* Classes */ = {
			isa = PBXGroup;
			children = (
				318CA4861786066E000C0253 /* EIQuad.h */,
				318CA4871786066E000C0253 /* EIQuad.m */,
				318CA47F178605D3000C0253 /* FBO */,
				3107E9F91733DEFE007E8781 /* AppDelegate */,
				3107E9FC1733DEFE007E8781 /* Controller */,
				3107E9FF1733DEFE007E8781 /* Helpful */,
				3107EA001733DEFE007E8781 /* Renderer */,
				3107EA011733DEFE007E8781 /* View */,
			);
			path = Classes;
			sourceTree = "<group>";
		};
		3107E9F91733DEFE007E8781 /* AppDelegate */ = {
			isa = PBXGroup;
			children = (
				3107E9FA1733DEFE007E8781 /* EIAppDelegate.h */,
				3107E9FB1733DEFE007E8781 /* EIAppDelegate.m */,
			);
			path = AppDelegate;
			sourceTree = "<group>";
		};
		3107E9FC1733DEFE007E8781 /* Controller */ = {
			isa = PBXGroup;
			children = (
				3107E9FD1733DEFE007E8781 /* EIViewController.h */,
				3107E9FE1733DEFE007E8781 /* EIViewController.m */,
			);
			path = Controller;
			sourceTree = "<group>";
		};
		3107E9FF1733DEFE007E8781 /* Helpful */ = {
			isa = PBXGroup;
			children = (
				318CA48C17860952000C0253 /* EISGLUtils.m */,
				318CA48D17860952000C0253 /* EISGLUtils.h */,
				31EA2CE617343C6A00B01CF6 /* Logging.h */,
				3107EA0A1733E028007E8781 /* ConstantsAndMacros.h */,
			);
			path = Helpful;
			sourceTree = "<group>";
		};
		3107EA001733DEFE007E8781 /* Renderer */ = {
			isa = PBXGroup;
			children = (
				318CA49517860F82000C0253 /* EISRendererHelper.m */,
				318CA49617860F82000C0253 /* EISRendererHelper.h */,
				318CA49717860F82000C0253 /* EISVectorMatrix.cpp */,
				318CA49817860F82000C0253 /* EISVectorMatrix.h */,
				3107EA0B1733E036007E8781 /* GLRenderer.h */,
				3107EA0C1733E036007E8781 /* GLRenderer.m */,
				3107EA121733E036007E8781 /* EITextureOldSchool.h */,
				3107EA131733E036007E8781 /* EITextureOldSchool.m */,
			);
			path = Renderer;
			sourceTree = "<group>";
		};
		3107EA011733DEFE007E8781 /* View */ = {
			isa = PBXGroup;
			children = (
				3107EA071733E01B007E8781 /* GLView.h */,
				3107EA081733E01B007E8781 /* GLView.m */,
			);
			path = View;
			sourceTree = "<group>";
		};
		3107EA341733E051007E8781 /* Textures */ = {
			isa = PBXGroup;
			children = (
				311434981785FD7A00CCA0EC /* Brick.png */,
				311434991785FD7A00CCA0EC /* mandrill.png */,
				3114349A1785FD7A00CCA0EC /* orientation.png */,
				3114349B1785FD7A00CCA0EC /* swirl.png */,
				3107EA3C1733E051007E8781 /* candycane_scalar_disk.png */,
				3107EA3D1733E051007E8781 /* diagnostic.png */,
				3107EA3E1733E051007E8781 /* dylan.png */,
				3107EA3F1733E051007E8781 /* lena.png */,
				3107EA521733E051007E8781 /* twitter_fail_whale.png */,
				3107EA531733E051007E8781 /* twitter_fail_whale_red_channnel_knockout.png */,
			);
			path = Textures;
			sourceTree = "<group>";
		};
		318CA47F178605D3000C0253 /* FBO */ = {
			isa = PBXGroup;
			children = (
				318CA480178605D3000C0253 /* FBOTextureTargetRenderer.h */,
				318CA481178605D3000C0253 /* FBOTextureTargetRenderer.m */,
				318CA482178605D3000C0253 /* FBOTextureTarget.h */,
				318CA483178605D3000C0253 /* FBOTextureTarget.m */,
			);
			path = FBO;
			sourceTree = "<group>";
		};
		3199A8471734525400873A93 /* Icons */ = {
			isa = PBXGroup;
			children = (
				3199A8481734525400873A93 /* Icon-72.png */,
				3199A8491734525400873A93 /* Icon-Small-50.png */,
				3199A84A1734525400873A93 /* Icon-Small.png */,
				3199A84B1734525400873A93 /* Icon-Small@2x.png */,
				3199A84C1734525400873A93 /* Icon.png */,
				3199A84E1734525400873A93 /* Icon@2x.png */,
				3199A84F1734525400873A93 /* iTunesArtwork */,
			);
			path = Icons;
			sourceTree = "<group>";
		};
		31A444F4178AE0C5004858A6 /* Shaders */ = {
			isa = PBXGroup;
			children = (
				31A444F5178AE0C5004858A6 /* EISGaussianBlurEastWest.fsh */,
				31A444F6178AE0C5004858A6 /* EISGaussianBlurEastWest.vsh */,
				31A444F7178AE0C5004858A6 /* EISGaussianBlurNorthSouth.fsh */,
				31A444F8178AE0C5004858A6 /* EISGaussianBlurNorthSouth.vsh */,
				31A444F9178AE0C5004858A6 /* EISShowShader.fsh */,
				31A444FA178AE0C5004858A6 /* EISShowShader.vsh */,
				31A444FB178AE0C5004858A6 /* EISShowST.fsh */,
				31A444FC178AE0C5004858A6 /* EISShowST.vsh */,
				31A444FD178AE0C5004858A6 /* EISTexturePairShader.fsh */,
				31A444FE178AE0C5004858A6 /* EISTexturePairShader.vsh */,
				31A444FF178AE0C5004858A6 /* EISTextureShader.fsh */,
				31A44500178AE0C5004858A6 /* EISTextureShader.vsh */,
				CC98644C4137B98577C68B22 /* EIShaderManager.m */,
				CC98635A931F2B4755720654 /* EIShaderManager.h */,
				CC986E7BED40E90B7E440413 /* EIShader.m */,
				CC986F82706A81C8F97C6FE3 /* EIShader.h */,
			);
			path = Shaders;
			sourceTree = "<group>";
		};
/* End PBXGroup section */

/* Begin PBXNativeTarget section */
		3107E9CE1733DD86007E8781 /* HelloShader */ = {
			isa = PBXNativeTarget;
			buildConfigurationList = 3107E9F51733DD86007E8781 /* Build configuration list for PBXNativeTarget "HelloShader" */;
			buildPhases = (
				3107E9CB1733DD86007E8781 /* Sources */,
				3107E9CC1733DD86007E8781 /* Frameworks */,
				3107E9CD1733DD86007E8781 /* Resources */,
			);
			buildRules = (
			);
			dependencies = (
			);
			name = HelloShader;
			productName = HelloShader;
			productReference = 3107E9CF1733DD86007E8781 /* HelloShader.app */;
			productType = "com.apple.product-type.application";
		};
/* End PBXNativeTarget section */

/* Begin PBXProject section */
		3107E9C71733DD86007E8781 /* Project object */ = {
			isa = PBXProject;
			attributes = {
				CLASSPREFIX = EI;
				LastUpgradeCheck = 0460;
				ORGANIZATIONNAME = "Elastic Image Software";
			};
			buildConfigurationList = 3107E9CA1733DD86007E8781 /* Build configuration list for PBXProject "HelloShader" */;
			compatibilityVersion = "Xcode 3.2";
			developmentRegion = English;
			hasScannedForEncodings = 0;
			knownRegions = (
				en,
			);
			mainGroup = 3107E9C61733DD85007E8781;
			productRefGroup = 3107E9D01733DD86007E8781 /* Products */;
			projectDirPath = "";
			projectRoot = "";
			targets = (
				3107E9CE1733DD86007E8781 /* HelloShader */,
			);
		};
/* End PBXProject section */

/* Begin PBXResourcesBuildPhase section */
		3107E9CD1733DD86007E8781 /* Resources */ = {
			isa = PBXResourcesBuildPhase;
			buildActionMask = 2147483647;
			files = (
				3107E9DD1733DD86007E8781 /* InfoPlist.strings in Resources */,
				31A44501178AE0C5004858A6 /* EISGaussianBlurEastWest.fsh in Resources */,
				31A44502178AE0C5004858A6 /* EISGaussianBlurEastWest.vsh in Resources */,
				31A44503178AE0C5004858A6 /* EISGaussianBlurNorthSouth.fsh in Resources */,
				31A44504178AE0C5004858A6 /* EISGaussianBlurNorthSouth.vsh in Resources */,
				31A44505178AE0C5004858A6 /* EISShowShader.fsh in Resources */,
				31A44506178AE0C5004858A6 /* EISShowShader.vsh in Resources */,
				31A44507178AE0C5004858A6 /* EISShowST.fsh in Resources */,
				31A44508178AE0C5004858A6 /* EISShowST.vsh in Resources */,
				31A44509178AE0C5004858A6 /* EISTexturePairShader.fsh in Resources */,
				31A4450A178AE0C5004858A6 /* EISTexturePairShader.vsh in Resources */,
				31A4450B178AE0C5004858A6 /* EISTextureShader.fsh in Resources */,
				31A4450C178AE0C5004858A6 /* EISTextureShader.vsh in Resources */,
				3107E9E51733DD86007E8781 /* Default.png in Resources */,
				3107E9E71733DD86007E8781 /* Default@2x.png in Resources */,
				3107E9E91733DD86007E8781 /* Default-568h@2x.png in Resources */,
				3107E9EF1733DD86007E8781 /* EIViewController_iPhone.xib in Resources */,
				3107E9F21733DD86007E8781 /* EIViewController_iPad.xib in Resources */,
				3107EA721733E051007E8781 /* candycane_scalar_disk.png in Resources */,
				3107EA731733E051007E8781 /* diagnostic.png in Resources */,
				3107EA741733E051007E8781 /* dylan.png in Resources */,
				3107EA751733E051007E8781 /* lena.png in Resources */,
				3107EA851733E051007E8781 /* twitter_fail_whale.png in Resources */,
				3107EA861733E051007E8781 /* twitter_fail_whale_red_channnel_knockout.png in Resources */,
				3199A8501734525400873A93 /* Icon-72.png in Resources */,
				3199A8511734525400873A93 /* Icon-Small-50.png in Resources */,
				3199A8521734525400873A93 /* Icon-Small.png in Resources */,
				3199A8531734525400873A93 /* Icon-Small@2x.png in Resources */,
				3199A8541734525400873A93 /* Icon.png in Resources */,
				3199A8561734525400873A93 /* Icon@2x.png in Resources */,
				3199A8571734525400873A93 /* iTunesArtwork in Resources */,
				3114349C1785FD7A00CCA0EC /* Brick.png in Resources */,
				3114349D1785FD7A00CCA0EC /* mandrill.png in Resources */,
				3114349E1785FD7A00CCA0EC /* orientation.png in Resources */,
				3114349F1785FD7A00CCA0EC /* swirl.png in Resources */,
			);
			runOnlyForDeploymentPostprocessing = 0;
		};
/* End PBXResourcesBuildPhase section */

/* Begin PBXSourcesBuildPhase section */
		3107E9CB1733DD86007E8781 /* Sources */ = {
			isa = PBXSourcesBuildPhase;
			buildActionMask = 2147483647;
			files = (
				3107E9DF1733DD86007E8781 /* main.m in Sources */,
				3107EA021733DEFE007E8781 /* EIAppDelegate.m in Sources */,
				3107EA031733DEFE007E8781 /* EIViewController.m in Sources */,
				3107EA091733E01B007E8781 /* GLView.m in Sources */,
				3107EA161733E036007E8781 /* GLRenderer.m in Sources */,
				3107EA191733E036007E8781 /* EITextureOldSchool.m in Sources */,
				318CA484178605D3000C0253 /* FBOTextureTargetRenderer.m in Sources */,
				318CA485178605D3000C0253 /* FBOTextureTarget.m in Sources */,
				318CA4881786066E000C0253 /* EIQuad.m in Sources */,
				318CA48E17860952000C0253 /* EISGLUtils.m in Sources */,
				318CA49917860F82000C0253 /* EISRendererHelper.m in Sources */,
				318CA49A17860F82000C0253 /* EISVectorMatrix.cpp in Sources */,
				CC9866533DE8C5125E1EC07C /* EIShaderManager.m in Sources */,
				CC986DB8B9E6726F30A25BE0 /* EIShader.m in Sources */,
			);
			runOnlyForDeploymentPostprocessing = 0;
		};
/* End PBXSourcesBuildPhase section */

/* Begin PBXVariantGroup section */
		3107E9DB1733DD86007E8781 /* InfoPlist.strings */ = {
			isa = PBXVariantGroup;
			children = (
				3107E9DC1733DD86007E8781 /* en */,
			);
			name = InfoPlist.strings;
			sourceTree = "<group>";
		};
		3107E9ED1733DD86007E8781 /* EIViewController_iPhone.xib */ = {
			isa = PBXVariantGroup;
			children = (
				3107E9EE1733DD86007E8781 /* en */,
			);
			name = EIViewController_iPhone.xib;
			sourceTree = "<group>";
		};
		3107E9F01733DD86007E8781 /* EIViewController_iPad.xib */ = {
			isa = PBXVariantGroup;
			children = (
				3107E9F11733DD86007E8781 /* en */,
			);
			name = EIViewController_iPad.xib;
			sourceTree = "<group>";
		};
/* End PBXVariantGroup section */

/* Begin XCBuildConfiguration section */
		3107E9F31733DD86007E8781 /* Debug */ = {
			isa = XCBuildConfiguration;
			buildSettings = {
				ALWAYS_SEARCH_USER_PATHS = NO;
				CLANG_CXX_LANGUAGE_STANDARD = "gnu++0x";
				CLANG_CXX_LIBRARY = "libc++";
				CLANG_WARN_CONSTANT_CONVERSION = YES;
				CLANG_WARN_EMPTY_BODY = YES;
				CLANG_WARN_ENUM_CONVERSION = YES;
				CLANG_WARN_INT_CONVERSION = YES;
				CLANG_WARN__DUPLICATE_METHOD_MATCH = YES;
				CODE_SIGN_IDENTITY = "iPhone Developer: Douglass Turner (5K744GLAW9)";
				"CODE_SIGN_IDENTITY[sdk=iphoneos*]" = "iPhone Developer";
				COPY_PHASE_STRIP = NO;
				GCC_C_LANGUAGE_STANDARD = gnu99;
				GCC_DYNAMIC_NO_PIC = NO;
				GCC_OPTIMIZATION_LEVEL = 0;
				GCC_PREPROCESSOR_DEFINITIONS = (
					"DEBUG=1",
					"$(inherited)",
				);
				GCC_SYMBOLS_PRIVATE_EXTERN = NO;
				GCC_WARN_ABOUT_RETURN_TYPE = YES;
				GCC_WARN_UNINITIALIZED_AUTOS = YES;
				GCC_WARN_UNUSED_VARIABLE = YES;
				IPHONEOS_DEPLOYMENT_TARGET = 5.1;
				ONLY_ACTIVE_ARCH = YES;
				PROVISIONING_PROFILE = "656F3658-875D-4EEA-B65C-A2ABFF32F71C";
				SDKROOT = iphoneos;
				TARGETED_DEVICE_FAMILY = "1,2";
			};
			name = Debug;
		};
		3107E9F41733DD86007E8781 /* Release */ = {
			isa = XCBuildConfiguration;
			buildSettings = {
				ALWAYS_SEARCH_USER_PATHS = NO;
				CLANG_CXX_LANGUAGE_STANDARD = "gnu++0x";
				CLANG_CXX_LIBRARY = "libc++";
				CLANG_WARN_CONSTANT_CONVERSION = YES;
				CLANG_WARN_EMPTY_BODY = YES;
				CLANG_WARN_ENUM_CONVERSION = YES;
				CLANG_WARN_INT_CONVERSION = YES;
				CLANG_WARN__DUPLICATE_METHOD_MATCH = YES;
				CODE_SIGN_IDENTITY = "iPhone Developer: Douglass Turner (5K744GLAW9)";
				"CODE_SIGN_IDENTITY[sdk=iphoneos*]" = "iPhone Developer";
				COPY_PHASE_STRIP = YES;
				GCC_C_LANGUAGE_STANDARD = gnu99;
				GCC_WARN_ABOUT_RETURN_TYPE = YES;
				GCC_WARN_UNINITIALIZED_AUTOS = YES;
				GCC_WARN_UNUSED_VARIABLE = YES;
				IPHONEOS_DEPLOYMENT_TARGET = 5.1;
				OTHER_CFLAGS = "-DNS_BLOCK_ASSERTIONS=1";
				PROVISIONING_PROFILE = "656F3658-875D-4EEA-B65C-A2ABFF32F71C";
				SDKROOT = iphoneos;
				TARGETED_DEVICE_FAMILY = "1,2";
				VALIDATE_PRODUCT = YES;
			};
			name = Release;
		};
		3107E9F61733DD86007E8781 /* Debug */ = {
			isa = XCBuildConfiguration;
			buildSettings = {
				CODE_SIGN_IDENTITY = "iPhone Developer: Douglass Turner (5K744GLAW9)";
				GCC_PRECOMPILE_PREFIX_HEADER = YES;
				GCC_PREFIX_HEADER = "HelloShader/HelloShader-Prefix.pch";
				INFOPLIST_FILE = "HelloShader/HelloShader-Info.plist";
				IPHONEOS_DEPLOYMENT_TARGET = 5.1;
				PRODUCT_NAME = "$(TARGET_NAME)";
				PROVISIONING_PROFILE = "656F3658-875D-4EEA-B65C-A2ABFF32F71C";
				WRAPPER_EXTENSION = app;
			};
			name = Debug;
		};
		3107E9F71733DD86007E8781 /* Release */ = {
			isa = XCBuildConfiguration;
			buildSettings = {
				CODE_SIGN_IDENTITY = "iPhone Developer: Douglass Turner (5K744GLAW9)";
				GCC_PRECOMPILE_PREFIX_HEADER = YES;
				GCC_PREFIX_HEADER = "HelloShader/HelloShader-Prefix.pch";
				INFOPLIST_FILE = "HelloShader/HelloShader-Info.plist";
				IPHONEOS_DEPLOYMENT_TARGET = 5.1;
				PRODUCT_NAME = "$(TARGET_NAME)";
				PROVISIONING_PROFILE = "656F3658-875D-4EEA-B65C-A2ABFF32F71C";
				WRAPPER_EXTENSION = app;
			};
			name = Release;
		};
/* End XCBuildConfiguration section */

/* Begin XCConfigurationList section */
		3107E9CA1733DD86007E8781 /* Build configuration list for PBXProject "HelloShader" */ = {
			isa = XCConfigurationList;
			buildConfigurations = (
				3107E9F31733DD86007E8781 /* Debug */,
				3107E9F41733DD86007E8781 /* Release */,
			);
			defaultConfigurationIsVisible = 0;
			defaultConfigurationName = Release;
		};
		3107E9F51733DD86007E8781 /* Build configuration list for PBXNativeTarget "HelloShader" */ = {
			isa = XCConfigurationList;
			buildConfigurations = (
				3107E9F61733DD86007E8781 /* Debug */,
				3107E9F71733DD86007E8781 /* Release */,
			);
			defaultConfigurationIsVisible = 0;
			defaultConfigurationName = Release;
		};
/* End XCConfigurationList section */
	};
	rootObject = 3107E9C71733DD86007E8781 /* Project object */;
}
