// !$*UTF8*$!
{
	archiveVersion = 1;
	classes = {
	};
	objectVersion = 46;
	objects = {

/* Begin PBXBuildFile section */
		3107E9D31733DD86007E8781 /* UIKit.framework in Frameworks */ = {isa = PBXBuildFile; fileRef = 3107E9D21733DD86007E8781 /* UIKit.framework */; };
		3107E9D51733DD86007E8781 /* Foundation.framework in Frameworks */ = {isa = PBXBuildFile; fileRef = 3107E9D41733DD86007E8781 /* Foundation.framework */; };
		3107E9D71733DD86007E8781 /* CoreGraphics.framework in Frameworks */ = {isa = PBXBuildFile; fileRef = 3107E9D61733DD86007E8781 /* CoreGraphics.framework */; };
		3107E9DD1733DD86007E8781 /* InfoPlist.strings in Resources */ = {isa = PBXBuildFile; fileRef = 3107E9DB1733DD86007E8781 /* InfoPlist.strings */; };
		3107E9DF1733DD86007E8781 /* main.m in Sources */ = {isa = PBXBuildFile; fileRef = 3107E9DE1733DD86007E8781 /* main.m */; };
		3107E9E51733DD86007E8781 /* Default.png in Resources */ = {isa = PBXBuildFile; fileRef = 3107E9E41733DD86007E8781 /* Default.png */; };
		3107E9E71733DD86007E8781 /* Default@2x.png in Resources */ = {isa = PBXBuildFile; fileRef = 3107E9E61733DD86007E8781 /* Default@2x.png */; };
		3107E9E91733DD86007E8781 /* Default-568h@2x.png in Resources */ = {isa = PBXBuildFile; fileRef = 3107E9E81733DD86007E8781 /* Default-568h@2x.png */; };
		3107E9EF1733DD86007E8781 /* EIViewController_iPhone.xib in Resources */ = {isa = PBXBuildFile; fileRef = 3107E9ED1733DD86007E8781 /* EIViewController_iPhone.xib */; };
		3107E9F21733DD86007E8781 /* EIViewController_iPad.xib in Resources */ = {isa = PBXBuildFile; fileRef = 3107E9F01733DD86007E8781 /* EIViewController_iPad.xib */; };
		3107EA021733DEFE007E8781 /* EIAppDelegate.m in Sources */ = {isa = PBXBuildFile; fileRef = 3107E9FB1733DEFE007E8781 /* EIAppDelegate.m */; };
		3107EA031733DEFE007E8781 /* EIViewController.m in Sources */ = {isa = PBXBuildFile; fileRef = 3107E9FE1733DEFE007E8781 /* EIViewController.m */; };
		3107EA061733E00B007E8781 /* EAGLViewController.m in Sources */ = {isa = PBXBuildFile; fileRef = 3107EA051733E00B007E8781 /* EAGLViewController.m */; };
		3107EA091733E01B007E8781 /* EAGLView.m in Sources */ = {isa = PBXBuildFile; fileRef = 3107EA081733E01B007E8781 /* EAGLView.m */; };
		3107EA161733E036007E8781 /* ES2Renderer.m in Sources */ = {isa = PBXBuildFile; fileRef = 3107EA0C1733E036007E8781 /* ES2Renderer.m */; };
		3107EA171733E036007E8781 /* JLMMatrixLibrary.cpp in Sources */ = {isa = PBXBuildFile; fileRef = 3107EA0E1733E036007E8781 /* JLMMatrixLibrary.cpp */; };
		3107EA181733E036007E8781 /* TEIRendererHelper.m in Sources */ = {isa = PBXBuildFile; fileRef = 3107EA111733E036007E8781 /* TEIRendererHelper.m */; };
		3107EA191733E036007E8781 /* TEITexture.m in Sources */ = {isa = PBXBuildFile; fileRef = 3107EA131733E036007E8781 /* TEITexture.m */; };
		3107EA1A1733E036007E8781 /* VectorMatrix.cpp in Sources */ = {isa = PBXBuildFile; fileRef = 3107EA141733E036007E8781 /* VectorMatrix.cpp */; };
		3107EA541733E051007E8781 /* ColorFragShader.fsh in Resources */ = {isa = PBXBuildFile; fileRef = 3107EA1C1733E051007E8781 /* ColorFragShader.fsh */; };
		3107EA551733E051007E8781 /* ColorVertShader.vsh in Resources */ = {isa = PBXBuildFile; fileRef = 3107EA1D1733E051007E8781 /* ColorVertShader.vsh */; };
		3107EA561733E051007E8781 /* HelloShader.fsh in Resources */ = {isa = PBXBuildFile; fileRef = 3107EA1E1733E051007E8781 /* HelloShader.fsh */; };
		3107EA571733E051007E8781 /* HelloShader.vsh in Resources */ = {isa = PBXBuildFile; fileRef = 3107EA1F1733E051007E8781 /* HelloShader.vsh */; };
		3107EA581733E051007E8781 /* LightFragShader.fsh in Resources */ = {isa = PBXBuildFile; fileRef = 3107EA201733E051007E8781 /* LightFragShader.fsh */; };
		3107EA591733E051007E8781 /* LightVertShader.vsh in Resources */ = {isa = PBXBuildFile; fileRef = 3107EA211733E051007E8781 /* LightVertShader.vsh */; };
		3107EA5A1733E051007E8781 /* NormalMapFragShader.fsh in Resources */ = {isa = PBXBuildFile; fileRef = 3107EA221733E051007E8781 /* NormalMapFragShader.fsh */; };
		3107EA5B1733E051007E8781 /* NormalMapVertShader.vsh in Resources */ = {isa = PBXBuildFile; fileRef = 3107EA231733E051007E8781 /* NormalMapVertShader.vsh */; };
		3107EA5C1733E051007E8781 /* ParallaxMapFragShader.fsh in Resources */ = {isa = PBXBuildFile; fileRef = 3107EA241733E051007E8781 /* ParallaxMapFragShader.fsh */; };
		3107EA5D1733E051007E8781 /* ParallaxMapVertShader.vsh in Resources */ = {isa = PBXBuildFile; fileRef = 3107EA251733E051007E8781 /* ParallaxMapVertShader.vsh */; };
		3107EA5E1733E051007E8781 /* Shader.fsh in Resources */ = {isa = PBXBuildFile; fileRef = 3107EA261733E051007E8781 /* Shader.fsh */; };
		3107EA5F1733E051007E8781 /* Shader.vsh in Resources */ = {isa = PBXBuildFile; fileRef = 3107EA271733E051007E8781 /* Shader.vsh */; };
		3107EA601733E051007E8781 /* ShowST.fsh in Resources */ = {isa = PBXBuildFile; fileRef = 3107EA281733E051007E8781 /* ShowST.fsh */; };
		3107EA611733E051007E8781 /* ShowST.vsh in Resources */ = {isa = PBXBuildFile; fileRef = 3107EA291733E051007E8781 /* ShowST.vsh */; };
		3107EA621733E051007E8781 /* ShowXYRaster.fsh in Resources */ = {isa = PBXBuildFile; fileRef = 3107EA2A1733E051007E8781 /* ShowXYRaster.fsh */; };
		3107EA631733E051007E8781 /* ShowXYRaster.vsh in Resources */ = {isa = PBXBuildFile; fileRef = 3107EA2B1733E051007E8781 /* ShowXYRaster.vsh */; };
		3107EA641733E051007E8781 /* TEITexturePairShader.fsh in Resources */ = {isa = PBXBuildFile; fileRef = 3107EA2C1733E051007E8781 /* TEITexturePairShader.fsh */; };
		3107EA651733E051007E8781 /* TEITexturePairShader.vsh in Resources */ = {isa = PBXBuildFile; fileRef = 3107EA2D1733E051007E8781 /* TEITexturePairShader.vsh */; };
		3107EA661733E051007E8781 /* TEITextureShader.fsh in Resources */ = {isa = PBXBuildFile; fileRef = 3107EA2E1733E051007E8781 /* TEITextureShader.fsh */; };
		3107EA671733E051007E8781 /* TEITextureShader.vsh in Resources */ = {isa = PBXBuildFile; fileRef = 3107EA2F1733E051007E8781 /* TEITextureShader.vsh */; };
		3107EA681733E051007E8781 /* TextureFragShader.fsh in Resources */ = {isa = PBXBuildFile; fileRef = 3107EA301733E051007E8781 /* TextureFragShader.fsh */; };
		3107EA691733E051007E8781 /* TextureVertShader.vsh in Resources */ = {isa = PBXBuildFile; fileRef = 3107EA311733E051007E8781 /* TextureVertShader.vsh */; };
		3107EA6A1733E051007E8781 /* VertexColorFragShader.fsh in Resources */ = {isa = PBXBuildFile; fileRef = 3107EA321733E051007E8781 /* VertexColorFragShader.fsh */; };
		3107EA6B1733E051007E8781 /* VertexColorVertShader.vsh in Resources */ = {isa = PBXBuildFile; fileRef = 3107EA331733E051007E8781 /* VertexColorVertShader.vsh */; };
		3107EA6C1733E051007E8781 /* .BridgeSort in Resources */ = {isa = PBXBuildFile; fileRef = 3107EA351733E051007E8781 /* .BridgeSort */; };
		3107EA6D1733E051007E8781 /* Brick.png in Resources */ = {isa = PBXBuildFile; fileRef = 3107EA371733E051007E8781 /* Brick.png */; };
		3107EA6E1733E051007E8781 /* Brick_2.pvr in Resources */ = {isa = PBXBuildFile; fileRef = 3107EA381733E051007E8781 /* Brick_2.pvr */; };
		3107EA6F1733E051007E8781 /* Brick_4.pvr in Resources */ = {isa = PBXBuildFile; fileRef = 3107EA391733E051007E8781 /* Brick_4.pvr */; };
		3107EA701733E051007E8781 /* Brick_mipmap_2.pvr in Resources */ = {isa = PBXBuildFile; fileRef = 3107EA3A1733E051007E8781 /* Brick_mipmap_2.pvr */; };
		3107EA711733E051007E8781 /* Brick_mipmap_4.pvr in Resources */ = {isa = PBXBuildFile; fileRef = 3107EA3B1733E051007E8781 /* Brick_mipmap_4.pvr */; };
		3107EA721733E051007E8781 /* candycane_scalar_disk.png in Resources */ = {isa = PBXBuildFile; fileRef = 3107EA3C1733E051007E8781 /* candycane_scalar_disk.png */; };
		3107EA731733E051007E8781 /* diagnostic.png in Resources */ = {isa = PBXBuildFile; fileRef = 3107EA3D1733E051007E8781 /* diagnostic.png */; };
		3107EA741733E051007E8781 /* dylan.png in Resources */ = {isa = PBXBuildFile; fileRef = 3107EA3E1733E051007E8781 /* dylan.png */; };
		3107EA751733E051007E8781 /* lena.png in Resources */ = {isa = PBXBuildFile; fileRef = 3107EA3F1733E051007E8781 /* lena.png */; };
		3107EA761733E051007E8781 /* mandrill.png in Resources */ = {isa = PBXBuildFile; fileRef = 3107EA411733E051007E8781 /* mandrill.png */; };
		3107EA771733E051007E8781 /* mandrill_flipped_for_pvr_2.pvr in Resources */ = {isa = PBXBuildFile; fileRef = 3107EA421733E051007E8781 /* mandrill_flipped_for_pvr_2.pvr */; };
		3107EA781733E051007E8781 /* mandrill_flipped_for_pvr_4.pvr in Resources */ = {isa = PBXBuildFile; fileRef = 3107EA431733E051007E8781 /* mandrill_flipped_for_pvr_4.pvr */; };
		3107EA791733E051007E8781 /* mandrill_flipped_for_pvr_mip_2.pvr in Resources */ = {isa = PBXBuildFile; fileRef = 3107EA441733E051007E8781 /* mandrill_flipped_for_pvr_mip_2.pvr */; };
		3107EA7A1733E051007E8781 /* mandrill_flipped_for_pvr_mip_4.pvr in Resources */ = {isa = PBXBuildFile; fileRef = 3107EA451733E051007E8781 /* mandrill_flipped_for_pvr_mip_4.pvr */; };
		3107EA7B1733E051007E8781 /* orientation.png in Resources */ = {isa = PBXBuildFile; fileRef = 3107EA471733E051007E8781 /* orientation.png */; };
		3107EA7C1733E051007E8781 /* orientation_flipped_for_pvr_2.pvr in Resources */ = {isa = PBXBuildFile; fileRef = 3107EA481733E051007E8781 /* orientation_flipped_for_pvr_2.pvr */; };
		3107EA7D1733E051007E8781 /* orientation_flipped_for_pvr_4.pvr in Resources */ = {isa = PBXBuildFile; fileRef = 3107EA491733E051007E8781 /* orientation_flipped_for_pvr_4.pvr */; };
		3107EA7E1733E051007E8781 /* orientation_flipped_for_pvr_mip_2.pvr in Resources */ = {isa = PBXBuildFile; fileRef = 3107EA4A1733E051007E8781 /* orientation_flipped_for_pvr_mip_2.pvr */; };
		3107EA7F1733E051007E8781 /* orientation_flipped_for_pvr_mip_4.pvr in Resources */ = {isa = PBXBuildFile; fileRef = 3107EA4B1733E051007E8781 /* orientation_flipped_for_pvr_mip_4.pvr */; };
		3107EA801733E051007E8781 /* swirl.png in Resources */ = {isa = PBXBuildFile; fileRef = 3107EA4D1733E051007E8781 /* swirl.png */; };
		3107EA811733E051007E8781 /* swirl_flipped_for_pvr_2.pvr in Resources */ = {isa = PBXBuildFile; fileRef = 3107EA4E1733E051007E8781 /* swirl_flipped_for_pvr_2.pvr */; };
		3107EA821733E051007E8781 /* swirl_flipped_for_pvr_4.pvr in Resources */ = {isa = PBXBuildFile; fileRef = 3107EA4F1733E051007E8781 /* swirl_flipped_for_pvr_4.pvr */; };
		3107EA831733E051007E8781 /* swirl_flipped_for_pvr_mip_2.pvr in Resources */ = {isa = PBXBuildFile; fileRef = 3107EA501733E051007E8781 /* swirl_flipped_for_pvr_mip_2.pvr */; };
		3107EA841733E051007E8781 /* swirl_flipped_for_pvr_mip_4.pvr in Resources */ = {isa = PBXBuildFile; fileRef = 3107EA511733E051007E8781 /* swirl_flipped_for_pvr_mip_4.pvr */; };
		3107EA851733E051007E8781 /* twitter_fail_whale.png in Resources */ = {isa = PBXBuildFile; fileRef = 3107EA521733E051007E8781 /* twitter_fail_whale.png */; };
		3107EA861733E051007E8781 /* twitter_fail_whale_red_channnel_knockout.png in Resources */ = {isa = PBXBuildFile; fileRef = 3107EA531733E051007E8781 /* twitter_fail_whale_red_channnel_knockout.png */; };
		3107EA881733E0DE007E8781 /* QuartzCore.framework in Frameworks */ = {isa = PBXBuildFile; fileRef = 3107EA871733E0DE007E8781 /* QuartzCore.framework */; };
		3107EA8A1733E0F3007E8781 /* OpenGLES.framework in Frameworks */ = {isa = PBXBuildFile; fileRef = 3107EA891733E0F3007E8781 /* OpenGLES.framework */; };
/* End PBXBuildFile section */

/* Begin PBXFileReference section */
		3107E9CF1733DD86007E8781 /* HelloShader.app */ = {isa = PBXFileReference; explicitFileType = wrapper.application; includeInIndex = 0; path = HelloShader.app; sourceTree = BUILT_PRODUCTS_DIR; };
		3107E9D21733DD86007E8781 /* UIKit.framework */ = {isa = PBXFileReference; lastKnownFileType = wrapper.framework; name = UIKit.framework; path = System/Library/Frameworks/UIKit.framework; sourceTree = SDKROOT; };
		3107E9D41733DD86007E8781 /* Foundation.framework */ = {isa = PBXFileReference; lastKnownFileType = wrapper.framework; name = Foundation.framework; path = System/Library/Frameworks/Foundation.framework; sourceTree = SDKROOT; };
		3107E9D61733DD86007E8781 /* CoreGraphics.framework */ = {isa = PBXFileReference; lastKnownFileType = wrapper.framework; name = CoreGraphics.framework; path = System/Library/Frameworks/CoreGraphics.framework; sourceTree = SDKROOT; };
		3107E9DA1733DD86007E8781 /* HelloShader-Info.plist */ = {isa = PBXFileReference; lastKnownFileType = text.plist.xml; path = "HelloShader-Info.plist"; sourceTree = "<group>"; };
		3107E9DC1733DD86007E8781 /* en */ = {isa = PBXFileReference; lastKnownFileType = text.plist.strings; name = en; path = en.lproj/InfoPlist.strings; sourceTree = "<group>"; };
		3107E9DE1733DD86007E8781 /* main.m */ = {isa = PBXFileReference; lastKnownFileType = sourcecode.c.objc; path = main.m; sourceTree = "<group>"; };
		3107E9E01733DD86007E8781 /* HelloShader-Prefix.pch */ = {isa = PBXFileReference; lastKnownFileType = sourcecode.c.h; path = "HelloShader-Prefix.pch"; sourceTree = "<group>"; };
		3107E9E41733DD86007E8781 /* Default.png */ = {isa = PBXFileReference; lastKnownFileType = image.png; path = Default.png; sourceTree = "<group>"; };
		3107E9E61733DD86007E8781 /* Default@2x.png */ = {isa = PBXFileReference; lastKnownFileType = image.png; path = "Default@2x.png"; sourceTree = "<group>"; };
		3107E9E81733DD86007E8781 /* Default-568h@2x.png */ = {isa = PBXFileReference; lastKnownFileType = image.png; path = "Default-568h@2x.png"; sourceTree = "<group>"; };
		3107E9EE1733DD86007E8781 /* en */ = {isa = PBXFileReference; lastKnownFileType = file.xib; name = en; path = en.lproj/EIViewController_iPhone.xib; sourceTree = "<group>"; };
		3107E9F11733DD86007E8781 /* en */ = {isa = PBXFileReference; lastKnownFileType = file.xib; name = en; path = en.lproj/EIViewController_iPad.xib; sourceTree = "<group>"; };
		3107E9FA1733DEFE007E8781 /* EIAppDelegate.h */ = {isa = PBXFileReference; fileEncoding = 4; lastKnownFileType = sourcecode.c.h; path = EIAppDelegate.h; sourceTree = "<group>"; };
		3107E9FB1733DEFE007E8781 /* EIAppDelegate.m */ = {isa = PBXFileReference; fileEncoding = 4; lastKnownFileType = sourcecode.c.objc; path = EIAppDelegate.m; sourceTree = "<group>"; };
		3107E9FD1733DEFE007E8781 /* EIViewController.h */ = {isa = PBXFileReference; fileEncoding = 4; lastKnownFileType = sourcecode.c.h; path = EIViewController.h; sourceTree = "<group>"; };
		3107E9FE1733DEFE007E8781 /* EIViewController.m */ = {isa = PBXFileReference; fileEncoding = 4; lastKnownFileType = sourcecode.c.objc; path = EIViewController.m; sourceTree = "<group>"; };
		3107EA041733E00B007E8781 /* EAGLViewController.h */ = {isa = PBXFileReference; fileEncoding = 4; lastKnownFileType = sourcecode.c.h; path = EAGLViewController.h; sourceTree = "<group>"; };
		3107EA051733E00B007E8781 /* EAGLViewController.m */ = {isa = PBXFileReference; fileEncoding = 4; lastKnownFileType = sourcecode.c.objc; path = EAGLViewController.m; sourceTree = "<group>"; };
		3107EA071733E01B007E8781 /* EAGLView.h */ = {isa = PBXFileReference; fileEncoding = 4; lastKnownFileType = sourcecode.c.h; path = EAGLView.h; sourceTree = "<group>"; };
		3107EA081733E01B007E8781 /* EAGLView.m */ = {isa = PBXFileReference; fileEncoding = 4; lastKnownFileType = sourcecode.c.objc; path = EAGLView.m; sourceTree = "<group>"; };
		3107EA0A1733E028007E8781 /* ConstantsAndMacros.h */ = {isa = PBXFileReference; fileEncoding = 4; lastKnownFileType = sourcecode.c.h; path = ConstantsAndMacros.h; sourceTree = "<group>"; };
		3107EA0B1733E036007E8781 /* ES2Renderer.h */ = {isa = PBXFileReference; fileEncoding = 4; lastKnownFileType = sourcecode.c.h; path = ES2Renderer.h; sourceTree = "<group>"; };
		3107EA0C1733E036007E8781 /* ES2Renderer.m */ = {isa = PBXFileReference; fileEncoding = 4; lastKnownFileType = sourcecode.c.objc; path = ES2Renderer.m; sourceTree = "<group>"; };
		3107EA0D1733E036007E8781 /* ESRenderer.h */ = {isa = PBXFileReference; fileEncoding = 4; lastKnownFileType = sourcecode.c.h; path = ESRenderer.h; sourceTree = "<group>"; };
		3107EA0E1733E036007E8781 /* JLMMatrixLibrary.cpp */ = {isa = PBXFileReference; fileEncoding = 4; lastKnownFileType = sourcecode.cpp.cpp; path = JLMMatrixLibrary.cpp; sourceTree = "<group>"; };
		3107EA0F1733E036007E8781 /* JLMMatrixLibrary.h */ = {isa = PBXFileReference; fileEncoding = 4; lastKnownFileType = sourcecode.c.h; path = JLMMatrixLibrary.h; sourceTree = "<group>"; };
		3107EA101733E036007E8781 /* TEIRendererHelper.h */ = {isa = PBXFileReference; fileEncoding = 4; lastKnownFileType = sourcecode.c.h; path = TEIRendererHelper.h; sourceTree = "<group>"; };
		3107EA111733E036007E8781 /* TEIRendererHelper.m */ = {isa = PBXFileReference; fileEncoding = 4; lastKnownFileType = sourcecode.c.objc; path = TEIRendererHelper.m; sourceTree = "<group>"; };
		3107EA121733E036007E8781 /* TEITexture.h */ = {isa = PBXFileReference; fileEncoding = 4; lastKnownFileType = sourcecode.c.h; path = TEITexture.h; sourceTree = "<group>"; };
		3107EA131733E036007E8781 /* TEITexture.m */ = {isa = PBXFileReference; fileEncoding = 4; lastKnownFileType = sourcecode.c.objc; path = TEITexture.m; sourceTree = "<group>"; };
		3107EA141733E036007E8781 /* VectorMatrix.cpp */ = {isa = PBXFileReference; fileEncoding = 4; lastKnownFileType = sourcecode.cpp.cpp; path = VectorMatrix.cpp; sourceTree = "<group>"; };
		3107EA151733E036007E8781 /* VectorMatrix.h */ = {isa = PBXFileReference; fileEncoding = 4; lastKnownFileType = sourcecode.c.h; path = VectorMatrix.h; sourceTree = "<group>"; };
		3107EA1C1733E051007E8781 /* ColorFragShader.fsh */ = {isa = PBXFileReference; fileEncoding = 4; lastKnownFileType = sourcecode.glsl; path = ColorFragShader.fsh; sourceTree = "<group>"; };
		3107EA1D1733E051007E8781 /* ColorVertShader.vsh */ = {isa = PBXFileReference; fileEncoding = 4; lastKnownFileType = sourcecode.glsl; path = ColorVertShader.vsh; sourceTree = "<group>"; };
		3107EA1E1733E051007E8781 /* HelloShader.fsh */ = {isa = PBXFileReference; fileEncoding = 4; lastKnownFileType = sourcecode.glsl; path = HelloShader.fsh; sourceTree = "<group>"; };
		3107EA1F1733E051007E8781 /* HelloShader.vsh */ = {isa = PBXFileReference; fileEncoding = 4; lastKnownFileType = sourcecode.glsl; path = HelloShader.vsh; sourceTree = "<group>"; };
		3107EA201733E051007E8781 /* LightFragShader.fsh */ = {isa = PBXFileReference; fileEncoding = 4; lastKnownFileType = sourcecode.glsl; path = LightFragShader.fsh; sourceTree = "<group>"; };
		3107EA211733E051007E8781 /* LightVertShader.vsh */ = {isa = PBXFileReference; fileEncoding = 4; lastKnownFileType = sourcecode.glsl; path = LightVertShader.vsh; sourceTree = "<group>"; };
		3107EA221733E051007E8781 /* NormalMapFragShader.fsh */ = {isa = PBXFileReference; fileEncoding = 4; lastKnownFileType = sourcecode.glsl; path = NormalMapFragShader.fsh; sourceTree = "<group>"; };
		3107EA231733E051007E8781 /* NormalMapVertShader.vsh */ = {isa = PBXFileReference; fileEncoding = 4; lastKnownFileType = sourcecode.glsl; path = NormalMapVertShader.vsh; sourceTree = "<group>"; };
		3107EA241733E051007E8781 /* ParallaxMapFragShader.fsh */ = {isa = PBXFileReference; fileEncoding = 4; lastKnownFileType = sourcecode.glsl; path = ParallaxMapFragShader.fsh; sourceTree = "<group>"; };
		3107EA251733E051007E8781 /* ParallaxMapVertShader.vsh */ = {isa = PBXFileReference; fileEncoding = 4; lastKnownFileType = sourcecode.glsl; path = ParallaxMapVertShader.vsh; sourceTree = "<group>"; };
		3107EA261733E051007E8781 /* Shader.fsh */ = {isa = PBXFileReference; fileEncoding = 4; lastKnownFileType = sourcecode.glsl; path = Shader.fsh; sourceTree = "<group>"; };
		3107EA271733E051007E8781 /* Shader.vsh */ = {isa = PBXFileReference; fileEncoding = 4; lastKnownFileType = sourcecode.glsl; path = Shader.vsh; sourceTree = "<group>"; };
		3107EA281733E051007E8781 /* ShowST.fsh */ = {isa = PBXFileReference; fileEncoding = 4; lastKnownFileType = sourcecode.glsl; path = ShowST.fsh; sourceTree = "<group>"; };
		3107EA291733E051007E8781 /* ShowST.vsh */ = {isa = PBXFileReference; fileEncoding = 4; lastKnownFileType = sourcecode.glsl; path = ShowST.vsh; sourceTree = "<group>"; };
		3107EA2A1733E051007E8781 /* ShowXYRaster.fsh */ = {isa = PBXFileReference; fileEncoding = 4; lastKnownFileType = sourcecode.glsl; path = ShowXYRaster.fsh; sourceTree = "<group>"; };
		3107EA2B1733E051007E8781 /* ShowXYRaster.vsh */ = {isa = PBXFileReference; fileEncoding = 4; lastKnownFileType = sourcecode.glsl; path = ShowXYRaster.vsh; sourceTree = "<group>"; };
		3107EA2C1733E051007E8781 /* TEITexturePairShader.fsh */ = {isa = PBXFileReference; fileEncoding = 4; lastKnownFileType = sourcecode.glsl; path = TEITexturePairShader.fsh; sourceTree = "<group>"; };
		3107EA2D1733E051007E8781 /* TEITexturePairShader.vsh */ = {isa = PBXFileReference; fileEncoding = 4; lastKnownFileType = sourcecode.glsl; path = TEITexturePairShader.vsh; sourceTree = "<group>"; };
		3107EA2E1733E051007E8781 /* TEITextureShader.fsh */ = {isa = PBXFileReference; fileEncoding = 4; lastKnownFileType = sourcecode.glsl; path = TEITextureShader.fsh; sourceTree = "<group>"; };
		3107EA2F1733E051007E8781 /* TEITextureShader.vsh */ = {isa = PBXFileReference; fileEncoding = 4; lastKnownFileType = sourcecode.glsl; path = TEITextureShader.vsh; sourceTree = "<group>"; };
		3107EA301733E051007E8781 /* TextureFragShader.fsh */ = {isa = PBXFileReference; fileEncoding = 4; lastKnownFileType = sourcecode.glsl; path = TextureFragShader.fsh; sourceTree = "<group>"; };
		3107EA311733E051007E8781 /* TextureVertShader.vsh */ = {isa = PBXFileReference; fileEncoding = 4; lastKnownFileType = sourcecode.glsl; path = TextureVertShader.vsh; sourceTree = "<group>"; };
		3107EA321733E051007E8781 /* VertexColorFragShader.fsh */ = {isa = PBXFileReference; fileEncoding = 4; lastKnownFileType = sourcecode.glsl; path = VertexColorFragShader.fsh; sourceTree = "<group>"; };
		3107EA331733E051007E8781 /* VertexColorVertShader.vsh */ = {isa = PBXFileReference; fileEncoding = 4; lastKnownFileType = sourcecode.glsl; path = VertexColorVertShader.vsh; sourceTree = "<group>"; };
		3107EA351733E051007E8781 /* .BridgeSort */ = {isa = PBXFileReference; fileEncoding = 4; lastKnownFileType = text.xml; path = .BridgeSort; sourceTree = "<group>"; };
		3107EA371733E051007E8781 /* Brick.png */ = {isa = PBXFileReference; lastKnownFileType = image.png; path = Brick.png; sourceTree = "<group>"; };
		3107EA381733E051007E8781 /* Brick_2.pvr */ = {isa = PBXFileReference; lastKnownFileType = file; path = Brick_2.pvr; sourceTree = "<group>"; };
		3107EA391733E051007E8781 /* Brick_4.pvr */ = {isa = PBXFileReference; lastKnownFileType = file; path = Brick_4.pvr; sourceTree = "<group>"; };
		3107EA3A1733E051007E8781 /* Brick_mipmap_2.pvr */ = {isa = PBXFileReference; lastKnownFileType = file; path = Brick_mipmap_2.pvr; sourceTree = "<group>"; };
		3107EA3B1733E051007E8781 /* Brick_mipmap_4.pvr */ = {isa = PBXFileReference; lastKnownFileType = file; path = Brick_mipmap_4.pvr; sourceTree = "<group>"; };
		3107EA3C1733E051007E8781 /* candycane_scalar_disk.png */ = {isa = PBXFileReference; lastKnownFileType = image.png; path = candycane_scalar_disk.png; sourceTree = "<group>"; };
		3107EA3D1733E051007E8781 /* diagnostic.png */ = {isa = PBXFileReference; lastKnownFileType = image.png; path = diagnostic.png; sourceTree = "<group>"; };
		3107EA3E1733E051007E8781 /* dylan.png */ = {isa = PBXFileReference; lastKnownFileType = image.png; path = dylan.png; sourceTree = "<group>"; };
		3107EA3F1733E051007E8781 /* lena.png */ = {isa = PBXFileReference; lastKnownFileType = image.png; path = lena.png; sourceTree = "<group>"; };
		3107EA411733E051007E8781 /* mandrill.png */ = {isa = PBXFileReference; lastKnownFileType = image.png; path = mandrill.png; sourceTree = "<group>"; };
		3107EA421733E051007E8781 /* mandrill_flipped_for_pvr_2.pvr */ = {isa = PBXFileReference; lastKnownFileType = file; path = mandrill_flipped_for_pvr_2.pvr; sourceTree = "<group>"; };
		3107EA431733E051007E8781 /* mandrill_flipped_for_pvr_4.pvr */ = {isa = PBXFileReference; lastKnownFileType = file; path = mandrill_flipped_for_pvr_4.pvr; sourceTree = "<group>"; };
		3107EA441733E051007E8781 /* mandrill_flipped_for_pvr_mip_2.pvr */ = {isa = PBXFileReference; lastKnownFileType = file; path = mandrill_flipped_for_pvr_mip_2.pvr; sourceTree = "<group>"; };
		3107EA451733E051007E8781 /* mandrill_flipped_for_pvr_mip_4.pvr */ = {isa = PBXFileReference; lastKnownFileType = file; path = mandrill_flipped_for_pvr_mip_4.pvr; sourceTree = "<group>"; };
		3107EA471733E051007E8781 /* orientation.png */ = {isa = PBXFileReference; lastKnownFileType = image.png; path = orientation.png; sourceTree = "<group>"; };
		3107EA481733E051007E8781 /* orientation_flipped_for_pvr_2.pvr */ = {isa = PBXFileReference; lastKnownFileType = file; path = orientation_flipped_for_pvr_2.pvr; sourceTree = "<group>"; };
		3107EA491733E051007E8781 /* orientation_flipped_for_pvr_4.pvr */ = {isa = PBXFileReference; lastKnownFileType = file; path = orientation_flipped_for_pvr_4.pvr; sourceTree = "<group>"; };
		3107EA4A1733E051007E8781 /* orientation_flipped_for_pvr_mip_2.pvr */ = {isa = PBXFileReference; lastKnownFileType = file; path = orientation_flipped_for_pvr_mip_2.pvr; sourceTree = "<group>"; };
		3107EA4B1733E051007E8781 /* orientation_flipped_for_pvr_mip_4.pvr */ = {isa = PBXFileReference; lastKnownFileType = file; path = orientation_flipped_for_pvr_mip_4.pvr; sourceTree = "<group>"; };
		3107EA4D1733E051007E8781 /* swirl.png */ = {isa = PBXFileReference; lastKnownFileType = image.png; path = swirl.png; sourceTree = "<group>"; };
		3107EA4E1733E051007E8781 /* swirl_flipped_for_pvr_2.pvr */ = {isa = PBXFileReference; lastKnownFileType = file; path = swirl_flipped_for_pvr_2.pvr; sourceTree = "<group>"; };
		3107EA4F1733E051007E8781 /* swirl_flipped_for_pvr_4.pvr */ = {isa = PBXFileReference; lastKnownFileType = file; path = swirl_flipped_for_pvr_4.pvr; sourceTree = "<group>"; };
		3107EA501733E051007E8781 /* swirl_flipped_for_pvr_mip_2.pvr */ = {isa = PBXFileReference; lastKnownFileType = file; path = swirl_flipped_for_pvr_mip_2.pvr; sourceTree = "<group>"; };
		3107EA511733E051007E8781 /* swirl_flipped_for_pvr_mip_4.pvr */ = {isa = PBXFileReference; lastKnownFileType = file; path = swirl_flipped_for_pvr_mip_4.pvr; sourceTree = "<group>"; };
		3107EA521733E051007E8781 /* twitter_fail_whale.png */ = {isa = PBXFileReference; lastKnownFileType = image.png; path = twitter_fail_whale.png; sourceTree = "<group>"; };
		3107EA531733E051007E8781 /* twitter_fail_whale_red_channnel_knockout.png */ = {isa = PBXFileReference; lastKnownFileType = image.png; path = twitter_fail_whale_red_channnel_knockout.png; sourceTree = "<group>"; };
		3107EA871733E0DE007E8781 /* QuartzCore.framework */ = {isa = PBXFileReference; lastKnownFileType = wrapper.framework; name = QuartzCore.framework; path = System/Library/Frameworks/QuartzCore.framework; sourceTree = SDKROOT; };
		3107EA891733E0F3007E8781 /* OpenGLES.framework */ = {isa = PBXFileReference; lastKnownFileType = wrapper.framework; name = OpenGLES.framework; path = System/Library/Frameworks/OpenGLES.framework; sourceTree = SDKROOT; };
		31EA2CE617343C6A00B01CF6 /* Logging.h */ = {isa = PBXFileReference; fileEncoding = 4; lastKnownFileType = sourcecode.c.h; path = Logging.h; sourceTree = "<group>"; };
/* End PBXFileReference section */

/* Begin PBXFrameworksBuildPhase section */
		3107E9CC1733DD86007E8781 /* Frameworks */ = {
			isa = PBXFrameworksBuildPhase;
			buildActionMask = 2147483647;
			files = (
				3107EA8A1733E0F3007E8781 /* OpenGLES.framework in Frameworks */,
				3107EA881733E0DE007E8781 /* QuartzCore.framework in Frameworks */,
				3107E9D31733DD86007E8781 /* UIKit.framework in Frameworks */,
				3107E9D51733DD86007E8781 /* Foundation.framework in Frameworks */,
				3107E9D71733DD86007E8781 /* CoreGraphics.framework in Frameworks */,
			);
			runOnlyForDeploymentPostprocessing = 0;
		};
/* End PBXFrameworksBuildPhase section */

/* Begin PBXGroup section */
		3107E9C61733DD85007E8781 = {
			isa = PBXGroup;
			children = (
				3107E9D81733DD86007E8781 /* HelloShader */,
				3107E9D11733DD86007E8781 /* Frameworks */,
				3107E9D01733DD86007E8781 /* Products */,
			);
			sourceTree = "<group>";
		};
		3107E9D01733DD86007E8781 /* Products */ = {
			isa = PBXGroup;
			children = (
				3107E9CF1733DD86007E8781 /* HelloShader.app */,
			);
			name = Products;
			sourceTree = "<group>";
		};
		3107E9D11733DD86007E8781 /* Frameworks */ = {
			isa = PBXGroup;
			children = (
				3107EA891733E0F3007E8781 /* OpenGLES.framework */,
				3107EA871733E0DE007E8781 /* QuartzCore.framework */,
				3107E9D21733DD86007E8781 /* UIKit.framework */,
				3107E9D41733DD86007E8781 /* Foundation.framework */,
				3107E9D61733DD86007E8781 /* CoreGraphics.framework */,
			);
			name = Frameworks;
			sourceTree = "<group>";
		};
		3107E9D81733DD86007E8781 /* HelloShader */ = {
			isa = PBXGroup;
			children = (
				3107E9F81733DEFE007E8781 /* Classes */,
				3107EA1B1733E051007E8781 /* Shaders */,
				3107EA341733E051007E8781 /* Textures */,
				3107E9ED1733DD86007E8781 /* EIViewController_iPhone.xib */,
				3107E9F01733DD86007E8781 /* EIViewController_iPad.xib */,
				3107E9D91733DD86007E8781 /* Supporting Files */,
			);
			path = HelloShader;
			sourceTree = "<group>";
		};
		3107E9D91733DD86007E8781 /* Supporting Files */ = {
			isa = PBXGroup;
			children = (
				3107E9DA1733DD86007E8781 /* HelloShader-Info.plist */,
				3107E9DB1733DD86007E8781 /* InfoPlist.strings */,
				3107E9DE1733DD86007E8781 /* main.m */,
				3107E9E01733DD86007E8781 /* HelloShader-Prefix.pch */,
				3107E9E41733DD86007E8781 /* Default.png */,
				3107E9E61733DD86007E8781 /* Default@2x.png */,
				3107E9E81733DD86007E8781 /* Default-568h@2x.png */,
			);
			name = "Supporting Files";
			sourceTree = "<group>";
		};
		3107E9F81733DEFE007E8781 /* Classes */ = {
			isa = PBXGroup;
			children = (
				3107E9F91733DEFE007E8781 /* AppDelegate */,
				3107E9FC1733DEFE007E8781 /* Controller */,
				3107E9FF1733DEFE007E8781 /* Helpful */,
				3107EA001733DEFE007E8781 /* Renderer */,
				3107EA011733DEFE007E8781 /* View */,
			);
			path = Classes;
			sourceTree = "<group>";
		};
		3107E9F91733DEFE007E8781 /* AppDelegate */ = {
			isa = PBXGroup;
			children = (
				3107E9FA1733DEFE007E8781 /* EIAppDelegate.h */,
				3107E9FB1733DEFE007E8781 /* EIAppDelegate.m */,
			);
			path = AppDelegate;
			sourceTree = "<group>";
		};
		3107E9FC1733DEFE007E8781 /* Controller */ = {
			isa = PBXGroup;
			children = (
				3107EA041733E00B007E8781 /* EAGLViewController.h */,
				3107EA051733E00B007E8781 /* EAGLViewController.m */,
				3107E9FD1733DEFE007E8781 /* EIViewController.h */,
				3107E9FE1733DEFE007E8781 /* EIViewController.m */,
			);
			path = Controller;
			sourceTree = "<group>";
		};
		3107E9FF1733DEFE007E8781 /* Helpful */ = {
			isa = PBXGroup;
			children = (
				31EA2CE617343C6A00B01CF6 /* Logging.h */,
				3107EA0A1733E028007E8781 /* ConstantsAndMacros.h */,
			);
			path = Helpful;
			sourceTree = "<group>";
		};
		3107EA001733DEFE007E8781 /* Renderer */ = {
			isa = PBXGroup;
			children = (
				3107EA0B1733E036007E8781 /* ES2Renderer.h */,
				3107EA0C1733E036007E8781 /* ES2Renderer.m */,
				3107EA0D1733E036007E8781 /* ESRenderer.h */,
				3107EA0E1733E036007E8781 /* JLMMatrixLibrary.cpp */,
				3107EA0F1733E036007E8781 /* JLMMatrixLibrary.h */,
				3107EA101733E036007E8781 /* TEIRendererHelper.h */,
				3107EA111733E036007E8781 /* TEIRendererHelper.m */,
				3107EA121733E036007E8781 /* TEITexture.h */,
				3107EA131733E036007E8781 /* TEITexture.m */,
				3107EA141733E036007E8781 /* VectorMatrix.cpp */,
				3107EA151733E036007E8781 /* VectorMatrix.h */,
			);
			path = Renderer;
			sourceTree = "<group>";
		};
		3107EA011733DEFE007E8781 /* View */ = {
			isa = PBXGroup;
			children = (
				3107EA071733E01B007E8781 /* EAGLView.h */,
				3107EA081733E01B007E8781 /* EAGLView.m */,
			);
			path = View;
			sourceTree = "<group>";
		};
		3107EA1B1733E051007E8781 /* Shaders */ = {
			isa = PBXGroup;
			children = (
				3107EA1C1733E051007E8781 /* ColorFragShader.fsh */,
				3107EA1D1733E051007E8781 /* ColorVertShader.vsh */,
				3107EA1E1733E051007E8781 /* HelloShader.fsh */,
				3107EA1F1733E051007E8781 /* HelloShader.vsh */,
				3107EA201733E051007E8781 /* LightFragShader.fsh */,
				3107EA211733E051007E8781 /* LightVertShader.vsh */,
				3107EA221733E051007E8781 /* NormalMapFragShader.fsh */,
				3107EA231733E051007E8781 /* NormalMapVertShader.vsh */,
				3107EA241733E051007E8781 /* ParallaxMapFragShader.fsh */,
				3107EA251733E051007E8781 /* ParallaxMapVertShader.vsh */,
				3107EA261733E051007E8781 /* Shader.fsh */,
				3107EA271733E051007E8781 /* Shader.vsh */,
				3107EA281733E051007E8781 /* ShowST.fsh */,
				3107EA291733E051007E8781 /* ShowST.vsh */,
				3107EA2A1733E051007E8781 /* ShowXYRaster.fsh */,
				3107EA2B1733E051007E8781 /* ShowXYRaster.vsh */,
				3107EA2C1733E051007E8781 /* TEITexturePairShader.fsh */,
				3107EA2D1733E051007E8781 /* TEITexturePairShader.vsh */,
				3107EA2E1733E051007E8781 /* TEITextureShader.fsh */,
				3107EA2F1733E051007E8781 /* TEITextureShader.vsh */,
				3107EA301733E051007E8781 /* TextureFragShader.fsh */,
				3107EA311733E051007E8781 /* TextureVertShader.vsh */,
				3107EA321733E051007E8781 /* VertexColorFragShader.fsh */,
				3107EA331733E051007E8781 /* VertexColorVertShader.vsh */,
			);
			path = Shaders;
			sourceTree = "<group>";
		};
		3107EA341733E051007E8781 /* Textures */ = {
			isa = PBXGroup;
			children = (
				3107EA351733E051007E8781 /* .BridgeSort */,
				3107EA361733E051007E8781 /* Brick */,
				3107EA3C1733E051007E8781 /* candycane_scalar_disk.png */,
				3107EA3D1733E051007E8781 /* diagnostic.png */,
				3107EA3E1733E051007E8781 /* dylan.png */,
				3107EA3F1733E051007E8781 /* lena.png */,
				3107EA401733E051007E8781 /* mandrill */,
				3107EA461733E051007E8781 /* orientation */,
				3107EA4C1733E051007E8781 /* swirl */,
				3107EA521733E051007E8781 /* twitter_fail_whale.png */,
				3107EA531733E051007E8781 /* twitter_fail_whale_red_channnel_knockout.png */,
			);
			path = Textures;
			sourceTree = "<group>";
		};
		3107EA361733E051007E8781 /* Brick */ = {
			isa = PBXGroup;
			children = (
				3107EA371733E051007E8781 /* Brick.png */,
				3107EA381733E051007E8781 /* Brick_2.pvr */,
				3107EA391733E051007E8781 /* Brick_4.pvr */,
				3107EA3A1733E051007E8781 /* Brick_mipmap_2.pvr */,
				3107EA3B1733E051007E8781 /* Brick_mipmap_4.pvr */,
			);
			path = Brick;
			sourceTree = "<group>";
		};
		3107EA401733E051007E8781 /* mandrill */ = {
			isa = PBXGroup;
			children = (
				3107EA411733E051007E8781 /* mandrill.png */,
				3107EA421733E051007E8781 /* mandrill_flipped_for_pvr_2.pvr */,
				3107EA431733E051007E8781 /* mandrill_flipped_for_pvr_4.pvr */,
				3107EA441733E051007E8781 /* mandrill_flipped_for_pvr_mip_2.pvr */,
				3107EA451733E051007E8781 /* mandrill_flipped_for_pvr_mip_4.pvr */,
			);
			path = mandrill;
			sourceTree = "<group>";
		};
		3107EA461733E051007E8781 /* orientation */ = {
			isa = PBXGroup;
			children = (
				3107EA471733E051007E8781 /* orientation.png */,
				3107EA481733E051007E8781 /* orientation_flipped_for_pvr_2.pvr */,
				3107EA491733E051007E8781 /* orientation_flipped_for_pvr_4.pvr */,
				3107EA4A1733E051007E8781 /* orientation_flipped_for_pvr_mip_2.pvr */,
				3107EA4B1733E051007E8781 /* orientation_flipped_for_pvr_mip_4.pvr */,
			);
			path = orientation;
			sourceTree = "<group>";
		};
		3107EA4C1733E051007E8781 /* swirl */ = {
			isa = PBXGroup;
			children = (
				3107EA4D1733E051007E8781 /* swirl.png */,
				3107EA4E1733E051007E8781 /* swirl_flipped_for_pvr_2.pvr */,
				3107EA4F1733E051007E8781 /* swirl_flipped_for_pvr_4.pvr */,
				3107EA501733E051007E8781 /* swirl_flipped_for_pvr_mip_2.pvr */,
				3107EA511733E051007E8781 /* swirl_flipped_for_pvr_mip_4.pvr */,
			);
			path = swirl;
			sourceTree = "<group>";
		};
/* End PBXGroup section */

/* Begin PBXNativeTarget section */
		3107E9CE1733DD86007E8781 /* HelloShader */ = {
			isa = PBXNativeTarget;
			buildConfigurationList = 3107E9F51733DD86007E8781 /* Build configuration list for PBXNativeTarget "HelloShader" */;
			buildPhases = (
				3107E9CB1733DD86007E8781 /* Sources */,
				3107E9CC1733DD86007E8781 /* Frameworks */,
				3107E9CD1733DD86007E8781 /* Resources */,
			);
			buildRules = (
			);
			dependencies = (
			);
			name = HelloShader;
			productName = HelloShader;
			productReference = 3107E9CF1733DD86007E8781 /* HelloShader.app */;
			productType = "com.apple.product-type.application";
		};
/* End PBXNativeTarget section */

/* Begin PBXProject section */
		3107E9C71733DD86007E8781 /* Project object */ = {
			isa = PBXProject;
			attributes = {
				CLASSPREFIX = EI;
				LastUpgradeCheck = 0460;
				ORGANIZATIONNAME = "Elastic Image Software";
			};
			buildConfigurationList = 3107E9CA1733DD86007E8781 /* Build configuration list for PBXProject "HelloShader" */;
			compatibilityVersion = "Xcode 3.2";
			developmentRegion = English;
			hasScannedForEncodings = 0;
			knownRegions = (
				en,
			);
			mainGroup = 3107E9C61733DD85007E8781;
			productRefGroup = 3107E9D01733DD86007E8781 /* Products */;
			projectDirPath = "";
			projectRoot = "";
			targets = (
				3107E9CE1733DD86007E8781 /* HelloShader */,
			);
		};
/* End PBXProject section */

/* Begin PBXResourcesBuildPhase section */
		3107E9CD1733DD86007E8781 /* Resources */ = {
			isa = PBXResourcesBuildPhase;
			buildActionMask = 2147483647;
			files = (
				3107EA541733E051007E8781 /* ColorFragShader.fsh in Resources */,
				3107EA551733E051007E8781 /* ColorVertShader.vsh in Resources */,
				3107EA561733E051007E8781 /* HelloShader.fsh in Resources */,
				3107EA571733E051007E8781 /* HelloShader.vsh in Resources */,
				3107EA581733E051007E8781 /* LightFragShader.fsh in Resources */,
				3107EA591733E051007E8781 /* LightVertShader.vsh in Resources */,
				3107EA5A1733E051007E8781 /* NormalMapFragShader.fsh in Resources */,
				3107EA5B1733E051007E8781 /* NormalMapVertShader.vsh in Resources */,
				3107EA5C1733E051007E8781 /* ParallaxMapFragShader.fsh in Resources */,
				3107EA5D1733E051007E8781 /* ParallaxMapVertShader.vsh in Resources */,
				3107EA5E1733E051007E8781 /* Shader.fsh in Resources */,
				3107EA5F1733E051007E8781 /* Shader.vsh in Resources */,
				3107EA601733E051007E8781 /* ShowST.fsh in Resources */,
				3107EA611733E051007E8781 /* ShowST.vsh in Resources */,
				3107EA621733E051007E8781 /* ShowXYRaster.fsh in Resources */,
				3107EA631733E051007E8781 /* ShowXYRaster.vsh in Resources */,
				3107EA641733E051007E8781 /* TEITexturePairShader.fsh in Resources */,
				3107EA651733E051007E8781 /* TEITexturePairShader.vsh in Resources */,
				3107EA661733E051007E8781 /* TEITextureShader.fsh in Resources */,
				3107EA671733E051007E8781 /* TEITextureShader.vsh in Resources */,
				3107EA681733E051007E8781 /* TextureFragShader.fsh in Resources */,
				3107EA691733E051007E8781 /* TextureVertShader.vsh in Resources */,
				3107EA6A1733E051007E8781 /* VertexColorFragShader.fsh in Resources */,
				3107EA6B1733E051007E8781 /* VertexColorVertShader.vsh in Resources */,
				3107E9DD1733DD86007E8781 /* InfoPlist.strings in Resources */,
				3107E9E51733DD86007E8781 /* Default.png in Resources */,
				3107E9E71733DD86007E8781 /* Default@2x.png in Resources */,
				3107E9E91733DD86007E8781 /* Default-568h@2x.png in Resources */,
				3107E9EF1733DD86007E8781 /* EIViewController_iPhone.xib in Resources */,
				3107E9F21733DD86007E8781 /* EIViewController_iPad.xib in Resources */,
				3107EA6C1733E051007E8781 /* .BridgeSort in Resources */,
				3107EA6D1733E051007E8781 /* Brick.png in Resources */,
				3107EA6E1733E051007E8781 /* Brick_2.pvr in Resources */,
				3107EA6F1733E051007E8781 /* Brick_4.pvr in Resources */,
				3107EA701733E051007E8781 /* Brick_mipmap_2.pvr in Resources */,
				3107EA711733E051007E8781 /* Brick_mipmap_4.pvr in Resources */,
				3107EA721733E051007E8781 /* candycane_scalar_disk.png in Resources */,
				3107EA731733E051007E8781 /* diagnostic.png in Resources */,
				3107EA741733E051007E8781 /* dylan.png in Resources */,
				3107EA751733E051007E8781 /* lena.png in Resources */,
				3107EA761733E051007E8781 /* mandrill.png in Resources */,
				3107EA771733E051007E8781 /* mandrill_flipped_for_pvr_2.pvr in Resources */,
				3107EA781733E051007E8781 /* mandrill_flipped_for_pvr_4.pvr in Resources */,
				3107EA791733E051007E8781 /* mandrill_flipped_for_pvr_mip_2.pvr in Resources */,
				3107EA7A1733E051007E8781 /* mandrill_flipped_for_pvr_mip_4.pvr in Resources */,
				3107EA7B1733E051007E8781 /* orientation.png in Resources */,
				3107EA7C1733E051007E8781 /* orientation_flipped_for_pvr_2.pvr in Resources */,
				3107EA7D1733E051007E8781 /* orientation_flipped_for_pvr_4.pvr in Resources */,
				3107EA7E1733E051007E8781 /* orientation_flipped_for_pvr_mip_2.pvr in Resources */,
				3107EA7F1733E051007E8781 /* orientation_flipped_for_pvr_mip_4.pvr in Resources */,
				3107EA801733E051007E8781 /* swirl.png in Resources */,
				3107EA811733E051007E8781 /* swirl_flipped_for_pvr_2.pvr in Resources */,
				3107EA821733E051007E8781 /* swirl_flipped_for_pvr_4.pvr in Resources */,
				3107EA831733E051007E8781 /* swirl_flipped_for_pvr_mip_2.pvr in Resources */,
				3107EA841733E051007E8781 /* swirl_flipped_for_pvr_mip_4.pvr in Resources */,
				3107EA851733E051007E8781 /* twitter_fail_whale.png in Resources */,
				3107EA861733E051007E8781 /* twitter_fail_whale_red_channnel_knockout.png in Resources */,
			);
			runOnlyForDeploymentPostprocessing = 0;
		};
/* End PBXResourcesBuildPhase section */

/* Begin PBXSourcesBuildPhase section */
		3107E9CB1733DD86007E8781 /* Sources */ = {
			isa = PBXSourcesBuildPhase;
			buildActionMask = 2147483647;
			files = (
				3107E9DF1733DD86007E8781 /* main.m in Sources */,
				3107EA021733DEFE007E8781 /* EIAppDelegate.m in Sources */,
				3107EA031733DEFE007E8781 /* EIViewController.m in Sources */,
				3107EA061733E00B007E8781 /* EAGLViewController.m in Sources */,
				3107EA091733E01B007E8781 /* EAGLView.m in Sources */,
				3107EA161733E036007E8781 /* ES2Renderer.m in Sources */,
				3107EA171733E036007E8781 /* JLMMatrixLibrary.cpp in Sources */,
				3107EA181733E036007E8781 /* TEIRendererHelper.m in Sources */,
				3107EA191733E036007E8781 /* TEITexture.m in Sources */,
				3107EA1A1733E036007E8781 /* VectorMatrix.cpp in Sources */,
			);
			runOnlyForDeploymentPostprocessing = 0;
		};
/* End PBXSourcesBuildPhase section */

/* Begin PBXVariantGroup section */
		3107E9DB1733DD86007E8781 /* InfoPlist.strings */ = {
			isa = PBXVariantGroup;
			children = (
				3107E9DC1733DD86007E8781 /* en */,
			);
			name = InfoPlist.strings;
			sourceTree = "<group>";
		};
		3107E9ED1733DD86007E8781 /* EIViewController_iPhone.xib */ = {
			isa = PBXVariantGroup;
			children = (
				3107E9EE1733DD86007E8781 /* en */,
			);
			name = EIViewController_iPhone.xib;
			sourceTree = "<group>";
		};
		3107E9F01733DD86007E8781 /* EIViewController_iPad.xib */ = {
			isa = PBXVariantGroup;
			children = (
				3107E9F11733DD86007E8781 /* en */,
			);
			name = EIViewController_iPad.xib;
			sourceTree = "<group>";
		};
/* End PBXVariantGroup section */

/* Begin XCBuildConfiguration section */
		3107E9F31733DD86007E8781 /* Debug */ = {
			isa = XCBuildConfiguration;
			buildSettings = {
				ALWAYS_SEARCH_USER_PATHS = NO;
				CLANG_CXX_LANGUAGE_STANDARD = "gnu++0x";
				CLANG_CXX_LIBRARY = "libc++";
				CLANG_WARN_CONSTANT_CONVERSION = YES;
				CLANG_WARN_EMPTY_BODY = YES;
				CLANG_WARN_ENUM_CONVERSION = YES;
				CLANG_WARN_INT_CONVERSION = YES;
				CLANG_WARN__DUPLICATE_METHOD_MATCH = YES;
				"CODE_SIGN_IDENTITY[sdk=iphoneos*]" = "iPhone Developer";
				COPY_PHASE_STRIP = NO;
				GCC_C_LANGUAGE_STANDARD = gnu99;
				GCC_DYNAMIC_NO_PIC = NO;
				GCC_OPTIMIZATION_LEVEL = 0;
				GCC_PREPROCESSOR_DEFINITIONS = (
					"DEBUG=1",
					"$(inherited)",
				);
				GCC_SYMBOLS_PRIVATE_EXTERN = NO;
				GCC_WARN_ABOUT_RETURN_TYPE = YES;
				GCC_WARN_UNINITIALIZED_AUTOS = YES;
				GCC_WARN_UNUSED_VARIABLE = YES;
				IPHONEOS_DEPLOYMENT_TARGET = 5.1;
				ONLY_ACTIVE_ARCH = YES;
				SDKROOT = iphoneos;
				TARGETED_DEVICE_FAMILY = "1,2";
			};
			name = Debug;
		};
		3107E9F41733DD86007E8781 /* Release */ = {
			isa = XCBuildConfiguration;
			buildSettings = {
				ALWAYS_SEARCH_USER_PATHS = NO;
				CLANG_CXX_LANGUAGE_STANDARD = "gnu++0x";
				CLANG_CXX_LIBRARY = "libc++";
				CLANG_WARN_CONSTANT_CONVERSION = YES;
				CLANG_WARN_EMPTY_BODY = YES;
				CLANG_WARN_ENUM_CONVERSION = YES;
				CLANG_WARN_INT_CONVERSION = YES;
				CLANG_WARN__DUPLICATE_METHOD_MATCH = YES;
				"CODE_SIGN_IDENTITY[sdk=iphoneos*]" = "iPhone Developer";
				COPY_PHASE_STRIP = YES;
				GCC_C_LANGUAGE_STANDARD = gnu99;
				GCC_WARN_ABOUT_RETURN_TYPE = YES;
				GCC_WARN_UNINITIALIZED_AUTOS = YES;
				GCC_WARN_UNUSED_VARIABLE = YES;
				IPHONEOS_DEPLOYMENT_TARGET = 5.1;
				OTHER_CFLAGS = "-DNS_BLOCK_ASSERTIONS=1";
				SDKROOT = iphoneos;
				TARGETED_DEVICE_FAMILY = "1,2";
				VALIDATE_PRODUCT = YES;
			};
			name = Release;
		};
		3107E9F61733DD86007E8781 /* Debug */ = {
			isa = XCBuildConfiguration;
			buildSettings = {
				GCC_PRECOMPILE_PREFIX_HEADER = YES;
				GCC_PREFIX_HEADER = "HelloShader/HelloShader-Prefix.pch";
				INFOPLIST_FILE = "HelloShader/HelloShader-Info.plist";
				IPHONEOS_DEPLOYMENT_TARGET = 5.1;
				PRODUCT_NAME = "$(TARGET_NAME)";
				WRAPPER_EXTENSION = app;
			};
			name = Debug;
		};
		3107E9F71733DD86007E8781 /* Release */ = {
			isa = XCBuildConfiguration;
			buildSettings = {
				GCC_PRECOMPILE_PREFIX_HEADER = YES;
				GCC_PREFIX_HEADER = "HelloShader/HelloShader-Prefix.pch";
				INFOPLIST_FILE = "HelloShader/HelloShader-Info.plist";
				IPHONEOS_DEPLOYMENT_TARGET = 5.1;
				PRODUCT_NAME = "$(TARGET_NAME)";
				WRAPPER_EXTENSION = app;
			};
			name = Release;
		};
/* End XCBuildConfiguration section */

/* Begin XCConfigurationList section */
		3107E9CA1733DD86007E8781 /* Build configuration list for PBXProject "HelloShader" */ = {
			isa = XCConfigurationList;
			buildConfigurations = (
				3107E9F31733DD86007E8781 /* Debug */,
				3107E9F41733DD86007E8781 /* Release */,
			);
			defaultConfigurationIsVisible = 0;
			defaultConfigurationName = Release;
		};
		3107E9F51733DD86007E8781 /* Build configuration list for PBXNativeTarget "HelloShader" */ = {
			isa = XCConfigurationList;
			buildConfigurations = (
				3107E9F61733DD86007E8781 /* Debug */,
				3107E9F71733DD86007E8781 /* Release */,
			);
			defaultConfigurationIsVisible = 0;
			defaultConfigurationName = Release;
		};
/* End XCConfigurationList section */
	};
	rootObject = 3107E9C71733DD86007E8781 /* Project object */;
}
